// !$*UTF8*$!
{
	archiveVersion = 1;
	classes = {
	};
	objectVersion = 56;
	objects = {

/* Begin PBXBuildFile section */
		D4D6510C2C429B290086FAC9 /* IngotApp.swift in Sources */ = {isa = PBXBuildFile; fileRef = D4D6510B2C429B290086FAC9 /* IngotApp.swift */; };
		D4D6510E2C429B290086FAC9 /* ContentView.swift in Sources */ = {isa = PBXBuildFile; fileRef = D4D6510D2C429B290086FAC9 /* ContentView.swift */; };
		D4D651102C429B2A0086FAC9 /* Assets.xcassets in Resources */ = {isa = PBXBuildFile; fileRef = D4D6510F2C429B2A0086FAC9 /* Assets.xcassets */; };
		D4D651132C429B2A0086FAC9 /* Preview Assets.xcassets in Resources */ = {isa = PBXBuildFile; fileRef = D4D651122C429B2A0086FAC9 /* Preview Assets.xcassets */; };
		D4D6511E2C429B700086FAC9 /* .overcommit.yml in Resources */ = {isa = PBXBuildFile; fileRef = D4D6511A2C429B700086FAC9 /* .overcommit.yml */; };
		D4D6511F2C429B700086FAC9 /* .gitignore in Resources */ = {isa = PBXBuildFile; fileRef = D4D6511B2C429B700086FAC9 /* .gitignore */; };
		D4D651202C429B700086FAC9 /* .swiftlint.yml in Resources */ = {isa = PBXBuildFile; fileRef = D4D6511C2C429B700086FAC9 /* .swiftlint.yml */; };
		D4D651212C429B700086FAC9 /* README.md in Resources */ = {isa = PBXBuildFile; fileRef = D4D6511D2C429B700086FAC9 /* README.md */; };
		D4D6517C2C429B960086FAC9 /* Field.swift in Sources */ = {isa = PBXBuildFile; fileRef = D4D651222C429B950086FAC9 /* Field.swift */; };
		D4D6517D2C429B960086FAC9 /* GameEntity.swift in Sources */ = {isa = PBXBuildFile; fileRef = D4D651232C429B950086FAC9 /* GameEntity.swift */; };
		D4D6517E2C429B960086FAC9 /* GameEntityFace.swift in Sources */ = {isa = PBXBuildFile; fileRef = D4D651242C429B950086FAC9 /* GameEntityFace.swift */; };
		D4D6517F2C429B960086FAC9 /* GameEntitySprite.swift in Sources */ = {isa = PBXBuildFile; fileRef = D4D651252C429B950086FAC9 /* GameEntitySprite.swift */; };
		D4D651802C429B960086FAC9 /* Gremlin.swift in Sources */ = {isa = PBXBuildFile; fileRef = D4D651262C429B950086FAC9 /* Gremlin.swift */; };
		D4D651812C429B960086FAC9 /* GremlinFace.swift in Sources */ = {isa = PBXBuildFile; fileRef = D4D651272C429B950086FAC9 /* GremlinFace.swift */; };
		D4D651822C429B960086FAC9 /* Joint.swift in Sources */ = {isa = PBXBuildFile; fileRef = D4D651282C429B950086FAC9 /* Joint.swift */; };
		D4D651832C429B960086FAC9 /* Vertex.swift in Sources */ = {isa = PBXBuildFile; fileRef = D4D651292C429B950086FAC9 /* Vertex.swift */; };
		D4D651842C429B960086FAC9 /* EntityActionsPublisher.swift in Sources */ = {isa = PBXBuildFile; fileRef = D4D6512B2C429B960086FAC9 /* EntityActionsPublisher.swift */; };
		D4D651852C429B960086FAC9 /* EntitySelectionState.swift in Sources */ = {isa = PBXBuildFile; fileRef = D4D6512C2C429B960086FAC9 /* EntitySelectionState.swift */; };
		D4D651862C429B960086FAC9 /* PhysicsBodyState.swift in Sources */ = {isa = PBXBuildFile; fileRef = D4D6512D2C429B960086FAC9 /* PhysicsBodyState.swift */; };
		D4D651872C429B960086FAC9 /* PhysicsFieldLab.swift in Sources */ = {isa = PBXBuildFile; fileRef = D4D6512E2C429B960086FAC9 /* PhysicsFieldLab.swift */; };
		D4D651882C429B960086FAC9 /* PhysicsFieldState.swift in Sources */ = {isa = PBXBuildFile; fileRef = D4D6512F2C429B960086FAC9 /* PhysicsFieldState.swift */; };
		D4D651892C429B960086FAC9 /* PhysicsMaskCategories.swift in Sources */ = {isa = PBXBuildFile; fileRef = D4D651302C429B960086FAC9 /* PhysicsMaskCategories.swift */; };
		D4D6518A2C429B960086FAC9 /* PhysicsWorldState.swift in Sources */ = {isa = PBXBuildFile; fileRef = D4D651312C429B960086FAC9 /* PhysicsWorldState.swift */; };
		D4D6518B2C429B960086FAC9 /* SelectedPhysicsRelay.swift in Sources */ = {isa = PBXBuildFile; fileRef = D4D651322C429B960086FAC9 /* SelectedPhysicsRelay.swift */; };
		D4D6518C2C429B960086FAC9 /* ShapeLab.swift in Sources */ = {isa = PBXBuildFile; fileRef = D4D651332C429B960086FAC9 /* ShapeLab.swift */; };
		D4D6518D2C429B960086FAC9 /* SpaceActionsState.swift in Sources */ = {isa = PBXBuildFile; fileRef = D4D651342C429B960086FAC9 /* SpaceActionsState.swift */; };
		D4D6518E2C429B960086FAC9 /* CoreGraphics+Extensions.swift in Sources */ = {isa = PBXBuildFile; fileRef = D4D651362C429B960086FAC9 /* CoreGraphics+Extensions.swift */; };
		D4D6518F2C429B960086FAC9 /* SKNode+Extensions.swift in Sources */ = {isa = PBXBuildFile; fileRef = D4D651372C429B960086FAC9 /* SKNode+Extensions.swift */; };
		D4D651902C429B960086FAC9 /* PhysicsJointCommonView.swift in Sources */ = {isa = PBXBuildFile; fileRef = D4D6513A2C429B960086FAC9 /* PhysicsJointCommonView.swift */; };
		D4D651912C429B960086FAC9 /* PhysicsJointConfigurator.swift in Sources */ = {isa = PBXBuildFile; fileRef = D4D6513B2C429B960086FAC9 /* PhysicsJointConfigurator.swift */; };
		D4D651922C429B960086FAC9 /* PhysicsJointFixedView.swift in Sources */ = {isa = PBXBuildFile; fileRef = D4D6513C2C429B960086FAC9 /* PhysicsJointFixedView.swift */; };
		D4D651932C429B960086FAC9 /* PhysicsJointLimitSlidersGridRow.swift in Sources */ = {isa = PBXBuildFile; fileRef = D4D6513D2C429B960086FAC9 /* PhysicsJointLimitSlidersGridRow.swift */; };
		D4D651942C429B960086FAC9 /* PhysicsJointLimitView.swift in Sources */ = {isa = PBXBuildFile; fileRef = D4D6513E2C429B960086FAC9 /* PhysicsJointLimitView.swift */; };
		D4D651952C429B960086FAC9 /* PhysicsJointPinSlidersGridRow.swift in Sources */ = {isa = PBXBuildFile; fileRef = D4D6513F2C429B960086FAC9 /* PhysicsJointPinSlidersGridRow.swift */; };
		D4D651962C429B960086FAC9 /* PhysicsJointPinView.swift in Sources */ = {isa = PBXBuildFile; fileRef = D4D651402C429B960086FAC9 /* PhysicsJointPinView.swift */; };
		D4D651972C429B960086FAC9 /* PhysicsJointSlidersGridAlignmentRow.swift in Sources */ = {isa = PBXBuildFile; fileRef = D4D651412C429B960086FAC9 /* PhysicsJointSlidersGridAlignmentRow.swift */; };
		D4D651982C429B960086FAC9 /* PhysicsJointSlidingSlidersGridRow.swift in Sources */ = {isa = PBXBuildFile; fileRef = D4D651422C429B960086FAC9 /* PhysicsJointSlidingSlidersGridRow.swift */; };
		D4D651992C429B960086FAC9 /* PhysicsJointSlidingView.swift in Sources */ = {isa = PBXBuildFile; fileRef = D4D651432C429B960086FAC9 /* PhysicsJointSlidingView.swift */; };
		D4D6519A2C429B960086FAC9 /* PhysicsJointSpringSlidersGridRow.swift in Sources */ = {isa = PBXBuildFile; fileRef = D4D651442C429B960086FAC9 /* PhysicsJointSpringSlidersGridRow.swift */; };
		D4D6519B2C429B960086FAC9 /* PhysicsJointSpringView.swift in Sources */ = {isa = PBXBuildFile; fileRef = D4D651452C429B960086FAC9 /* PhysicsJointSpringView.swift */; };
		D4D6519C2C429B960086FAC9 /* PhysicsBodyRelay.swift in Sources */ = {isa = PBXBuildFile; fileRef = D4D651472C429B960086FAC9 /* PhysicsBodyRelay.swift */; };
		D4D6519D2C429B960086FAC9 /* PhysicsFieldRelay.swift in Sources */ = {isa = PBXBuildFile; fileRef = D4D651482C429B960086FAC9 /* PhysicsFieldRelay.swift */; };
		D4D6519E2C429B960086FAC9 /* PhysicsJointRelays.swift in Sources */ = {isa = PBXBuildFile; fileRef = D4D651492C429B960086FAC9 /* PhysicsJointRelays.swift */; };
		D4D6519F2C429B960086FAC9 /* PhysicsWorldRelay.swift in Sources */ = {isa = PBXBuildFile; fileRef = D4D6514A2C429B960086FAC9 /* PhysicsWorldRelay.swift */; };
		D4D651A02C429B960086FAC9 /* PhysicsBodyConfigurator.swift in Sources */ = {isa = PBXBuildFile; fileRef = D4D6514C2C429B960086FAC9 /* PhysicsBodyConfigurator.swift */; };
		D4D651A12C429B960086FAC9 /* PhysicsBodyMasksView.swift in Sources */ = {isa = PBXBuildFile; fileRef = D4D6514D2C429B960086FAC9 /* PhysicsBodyMasksView.swift */; };
		D4D651A22C429B960086FAC9 /* PhysicsBodySlidersGrid.swift in Sources */ = {isa = PBXBuildFile; fileRef = D4D6514E2C429B960086FAC9 /* PhysicsBodySlidersGrid.swift */; };
		D4D651A32C429B960086FAC9 /* PhysicsBodyTogglesView.swift in Sources */ = {isa = PBXBuildFile; fileRef = D4D6514F2C429B960086FAC9 /* PhysicsBodyTogglesView.swift */; };
		D4D651A42C429B960086FAC9 /* PhysicsFieldConfigurator.swift in Sources */ = {isa = PBXBuildFile; fileRef = D4D651502C429B960086FAC9 /* PhysicsFieldConfigurator.swift */; };
		D4D651A52C429B960086FAC9 /* PhysicsFieldMasksView.swift in Sources */ = {isa = PBXBuildFile; fileRef = D4D651512C429B960086FAC9 /* PhysicsFieldMasksView.swift */; };
		D4D651A62C429B960086FAC9 /* PhysicsFieldSlidersGrid.swift in Sources */ = {isa = PBXBuildFile; fileRef = D4D651522C429B960086FAC9 /* PhysicsFieldSlidersGrid.swift */; };
		D4D651A72C429B960086FAC9 /* PhysicsFieldTogglesView.swift in Sources */ = {isa = PBXBuildFile; fileRef = D4D651532C429B960086FAC9 /* PhysicsFieldTogglesView.swift */; };
		D4D651A82C429B960086FAC9 /* PhysicsMaskNamesConfigurator.swift in Sources */ = {isa = PBXBuildFile; fileRef = D4D651542C429B960086FAC9 /* PhysicsMaskNamesConfigurator.swift */; };
		D4D651A92C429B960086FAC9 /* PhysicsWorldConfigurator.swift in Sources */ = {isa = PBXBuildFile; fileRef = D4D651552C429B960086FAC9 /* PhysicsWorldConfigurator.swift */; };
		D4D651AA2C429B960086FAC9 /* PhysicsWorldEdgeLoopView.swift in Sources */ = {isa = PBXBuildFile; fileRef = D4D651562C429B960086FAC9 /* PhysicsWorldEdgeLoopView.swift */; };
		D4D651AB2C429B960086FAC9 /* PhysicsWorldSlidersGrid.swift in Sources */ = {isa = PBXBuildFile; fileRef = D4D651572C429B960086FAC9 /* PhysicsWorldSlidersGrid.swift */; };
		D4D651AC2C429B960086FAC9 /* GameSceneRelay.swift in Sources */ = {isa = PBXBuildFile; fileRef = D4D651592C429B960086FAC9 /* GameSceneRelay.swift */; };
		D4D651AD2C429B960086FAC9 /* SKPScene.swift in Sources */ = {isa = PBXBuildFile; fileRef = D4D6515C2C429B960086FAC9 /* SKPScene.swift */; };
		D4D651AE2C429B960086FAC9 /* SKPScene+Extensions.swift in Sources */ = {isa = PBXBuildFile; fileRef = D4D6515D2C429B960086FAC9 /* SKPScene+Extensions.swift */; };
		D4D651AF2C429B960086FAC9 /* SKPScene+InputEvent.swift in Sources */ = {isa = PBXBuildFile; fileRef = D4D6515E2C429B960086FAC9 /* SKPScene+InputEvent.swift */; };
		D4D651B02C429B960086FAC9 /* SKPSpriteView.swift in Sources */ = {isa = PBXBuildFile; fileRef = D4D6515F2C429B960086FAC9 /* SKPSpriteView.swift */; };
		D4D651B12C429B960086FAC9 /* SKPView.swift in Sources */ = {isa = PBXBuildFile; fileRef = D4D651602C429B960086FAC9 /* SKPView.swift */; };
		D4D651B22C429B960086FAC9 /* SKPMaskSelector.swift in Sources */ = {isa = PBXBuildFile; fileRef = D4D651622C429B960086FAC9 /* SKPMaskSelector.swift */; };
		D4D651B32C429B960086FAC9 /* SKPSlider.swift in Sources */ = {isa = PBXBuildFile; fileRef = D4D651632C429B960086FAC9 /* SKPSlider.swift */; };
		D4D651B42C429B960086FAC9 /* SKPSliderWithRelay.swift in Sources */ = {isa = PBXBuildFile; fileRef = D4D651642C429B960086FAC9 /* SKPSliderWithRelay.swift */; };
		D4D651B52C429B960086FAC9 /* SKPToggle.swift in Sources */ = {isa = PBXBuildFile; fileRef = D4D651652C429B960086FAC9 /* SKPToggle.swift */; };
		D4D651B62C429B960086FAC9 /* Fields.md in Resources */ = {isa = PBXBuildFile; fileRef = D4D651682C429B960086FAC9 /* Fields.md */; };
		D4D651B72C429B960086FAC9 /* SpaceActions.md in Resources */ = {isa = PBXBuildFile; fileRef = D4D651692C429B960086FAC9 /* SpaceActions.md */; };
		D4D651B82C429B960086FAC9 /* UXScenarios.md in Resources */ = {isa = PBXBuildFile; fileRef = D4D6516A2C429B960086FAC9 /* UXScenarios.md */; };
		D4D651B92C429B960086FAC9 /* Vertices.md in Resources */ = {isa = PBXBuildFile; fileRef = D4D6516B2C429B960086FAC9 /* Vertices.md */; };
		D4D651BA2C429B960086FAC9 /* ActionToken.swift in Sources */ = {isa = PBXBuildFile; fileRef = D4D6516D2C429B960086FAC9 /* ActionToken.swift */; };
		D4D651BB2C429B960086FAC9 /* PhysicsFieldToken.swift in Sources */ = {isa = PBXBuildFile; fileRef = D4D6516E2C429B960086FAC9 /* PhysicsFieldToken.swift */; };
		D4D651BC2C429B960086FAC9 /* ContextMenuManager.swift in Sources */ = {isa = PBXBuildFile; fileRef = D4D651702C429B960086FAC9 /* ContextMenuManager.swift */; };
		D4D651BD2C429B960086FAC9 /* EntityManager.swift in Sources */ = {isa = PBXBuildFile; fileRef = D4D651712C429B960086FAC9 /* EntityManager.swift */; };
		D4D651BE2C429B960086FAC9 /* GestureEventDispatcher.swift in Sources */ = {isa = PBXBuildFile; fileRef = D4D651722C429B960086FAC9 /* GestureEventDispatcher.swift */; };
		D4D651BF2C429B960086FAC9 /* InputEventDispatcher.swift in Sources */ = {isa = PBXBuildFile; fileRef = D4D651732C429B960086FAC9 /* InputEventDispatcher.swift */; };
		D4D651C02C429B960086FAC9 /* Utility.swift in Sources */ = {isa = PBXBuildFile; fileRef = D4D651742C429B960086FAC9 /* Utility.swift */; };
		D4D651C12C429B960086FAC9 /* WorkflowManager.swift in Sources */ = {isa = PBXBuildFile; fileRef = D4D651752C429B960086FAC9 /* WorkflowManager.swift */; };
		D4D651C22C429B960086FAC9 /* SelectionHalo.swift in Sources */ = {isa = PBXBuildFile; fileRef = D4D651772C429B960086FAC9 /* SelectionHalo.swift */; };
		D4D651C32C429B960086FAC9 /* SelectionHaloOI.swift in Sources */ = {isa = PBXBuildFile; fileRef = D4D651782C429B960086FAC9 /* SelectionHaloOI.swift */; };
		D4D651C42C429B960086FAC9 /* SelectionHaloRS.swift in Sources */ = {isa = PBXBuildFile; fileRef = D4D651792C429B960086FAC9 /* SelectionHaloRS.swift */; };
		D4D651C52C429B960086FAC9 /* SelectionMarquee.swift in Sources */ = {isa = PBXBuildFile; fileRef = D4D6517A2C429B960086FAC9 /* SelectionMarquee.swift */; };
		D4D651CF2C430E620086FAC9 /* PlaygroundStatusView.swift in Sources */ = {isa = PBXBuildFile; fileRef = D4D651CE2C430E620086FAC9 /* PlaygroundStatusView.swift */; };
		D4D651D12C430EDA0086FAC9 /* RelayManager.swift in Sources */ = {isa = PBXBuildFile; fileRef = D4D651D02C430EDA0086FAC9 /* RelayManager.swift */; };
		D4D651D72C434F370086FAC9 /* ClickToPlaceView.swift in Sources */ = {isa = PBXBuildFile; fileRef = D4D651D32C434F370086FAC9 /* ClickToPlaceView.swift */; };
		D4D651D82C434F370086FAC9 /* CommandView.swift in Sources */ = {isa = PBXBuildFile; fileRef = D4D651D42C434F370086FAC9 /* CommandView.swift */; };
		D4D651D92C434F370086FAC9 /* PlayControlsView.swift in Sources */ = {isa = PBXBuildFile; fileRef = D4D651D52C434F370086FAC9 /* PlayControlsView.swift */; };
		D4D651DD2C4351270086FAC9 /* WorkflowRelay.swift in Sources */ = {isa = PBXBuildFile; fileRef = D4D651DC2C4351270086FAC9 /* WorkflowRelay.swift */; };
		D4D651DF2C4352C70086FAC9 /* CommandRelay.swift in Sources */ = {isa = PBXBuildFile; fileRef = D4D651DE2C4352C70086FAC9 /* CommandRelay.swift */; };
		D4D651E12C43567E0086FAC9 /* PlayConfigurator.swift in Sources */ = {isa = PBXBuildFile; fileRef = D4D651E02C43567E0086FAC9 /* PlayConfigurator.swift */; };
		D4D651E32C4356D60086FAC9 /* PlaySlidersGrid.swift in Sources */ = {isa = PBXBuildFile; fileRef = D4D651E22C4356D60086FAC9 /* PlaySlidersGrid.swift */; };
/* End PBXBuildFile section */

/* Begin PBXFileReference section */
		D4D651082C429B280086FAC9 /* Ingot.app */ = {isa = PBXFileReference; explicitFileType = wrapper.application; includeInIndex = 0; path = Ingot.app; sourceTree = BUILT_PRODUCTS_DIR; };
		D4D6510B2C429B290086FAC9 /* IngotApp.swift */ = {isa = PBXFileReference; lastKnownFileType = sourcecode.swift; path = IngotApp.swift; sourceTree = "<group>"; };
		D4D6510D2C429B290086FAC9 /* ContentView.swift */ = {isa = PBXFileReference; lastKnownFileType = sourcecode.swift; path = ContentView.swift; sourceTree = "<group>"; };
		D4D6510F2C429B2A0086FAC9 /* Assets.xcassets */ = {isa = PBXFileReference; lastKnownFileType = folder.assetcatalog; path = Assets.xcassets; sourceTree = "<group>"; };
		D4D651122C429B2A0086FAC9 /* Preview Assets.xcassets */ = {isa = PBXFileReference; lastKnownFileType = folder.assetcatalog; path = "Preview Assets.xcassets"; sourceTree = "<group>"; };
		D4D651142C429B2A0086FAC9 /* Ingot.entitlements */ = {isa = PBXFileReference; lastKnownFileType = text.plist.entitlements; path = Ingot.entitlements; sourceTree = "<group>"; };
		D4D6511A2C429B700086FAC9 /* .overcommit.yml */ = {isa = PBXFileReference; fileEncoding = 4; lastKnownFileType = text.yaml; path = .overcommit.yml; sourceTree = "<group>"; };
		D4D6511B2C429B700086FAC9 /* .gitignore */ = {isa = PBXFileReference; fileEncoding = 4; lastKnownFileType = text; path = .gitignore; sourceTree = "<group>"; };
		D4D6511C2C429B700086FAC9 /* .swiftlint.yml */ = {isa = PBXFileReference; fileEncoding = 4; lastKnownFileType = text.yaml; path = .swiftlint.yml; sourceTree = "<group>"; };
		D4D6511D2C429B700086FAC9 /* README.md */ = {isa = PBXFileReference; fileEncoding = 4; lastKnownFileType = net.daringfireball.markdown; path = README.md; sourceTree = "<group>"; };
		D4D651222C429B950086FAC9 /* Field.swift */ = {isa = PBXFileReference; fileEncoding = 4; lastKnownFileType = sourcecode.swift; path = Field.swift; sourceTree = "<group>"; };
		D4D651232C429B950086FAC9 /* GameEntity.swift */ = {isa = PBXFileReference; fileEncoding = 4; lastKnownFileType = sourcecode.swift; path = GameEntity.swift; sourceTree = "<group>"; };
		D4D651242C429B950086FAC9 /* GameEntityFace.swift */ = {isa = PBXFileReference; fileEncoding = 4; lastKnownFileType = sourcecode.swift; path = GameEntityFace.swift; sourceTree = "<group>"; };
		D4D651252C429B950086FAC9 /* GameEntitySprite.swift */ = {isa = PBXFileReference; fileEncoding = 4; lastKnownFileType = sourcecode.swift; path = GameEntitySprite.swift; sourceTree = "<group>"; };
		D4D651262C429B950086FAC9 /* Gremlin.swift */ = {isa = PBXFileReference; fileEncoding = 4; lastKnownFileType = sourcecode.swift; path = Gremlin.swift; sourceTree = "<group>"; };
		D4D651272C429B950086FAC9 /* GremlinFace.swift */ = {isa = PBXFileReference; fileEncoding = 4; lastKnownFileType = sourcecode.swift; path = GremlinFace.swift; sourceTree = "<group>"; };
		D4D651282C429B950086FAC9 /* Joint.swift */ = {isa = PBXFileReference; fileEncoding = 4; lastKnownFileType = sourcecode.swift; path = Joint.swift; sourceTree = "<group>"; };
		D4D651292C429B950086FAC9 /* Vertex.swift */ = {isa = PBXFileReference; fileEncoding = 4; lastKnownFileType = sourcecode.swift; path = Vertex.swift; sourceTree = "<group>"; };
		D4D6512B2C429B960086FAC9 /* EntityActionsPublisher.swift */ = {isa = PBXFileReference; fileEncoding = 4; lastKnownFileType = sourcecode.swift; path = EntityActionsPublisher.swift; sourceTree = "<group>"; };
		D4D6512C2C429B960086FAC9 /* EntitySelectionState.swift */ = {isa = PBXFileReference; fileEncoding = 4; lastKnownFileType = sourcecode.swift; path = EntitySelectionState.swift; sourceTree = "<group>"; };
		D4D6512D2C429B960086FAC9 /* PhysicsBodyState.swift */ = {isa = PBXFileReference; fileEncoding = 4; lastKnownFileType = sourcecode.swift; path = PhysicsBodyState.swift; sourceTree = "<group>"; };
		D4D6512E2C429B960086FAC9 /* PhysicsFieldLab.swift */ = {isa = PBXFileReference; fileEncoding = 4; lastKnownFileType = sourcecode.swift; path = PhysicsFieldLab.swift; sourceTree = "<group>"; };
		D4D6512F2C429B960086FAC9 /* PhysicsFieldState.swift */ = {isa = PBXFileReference; fileEncoding = 4; lastKnownFileType = sourcecode.swift; path = PhysicsFieldState.swift; sourceTree = "<group>"; };
		D4D651302C429B960086FAC9 /* PhysicsMaskCategories.swift */ = {isa = PBXFileReference; fileEncoding = 4; lastKnownFileType = sourcecode.swift; path = PhysicsMaskCategories.swift; sourceTree = "<group>"; };
		D4D651312C429B960086FAC9 /* PhysicsWorldState.swift */ = {isa = PBXFileReference; fileEncoding = 4; lastKnownFileType = sourcecode.swift; path = PhysicsWorldState.swift; sourceTree = "<group>"; };
		D4D651322C429B960086FAC9 /* SelectedPhysicsRelay.swift */ = {isa = PBXFileReference; fileEncoding = 4; lastKnownFileType = sourcecode.swift; path = SelectedPhysicsRelay.swift; sourceTree = "<group>"; };
		D4D651332C429B960086FAC9 /* ShapeLab.swift */ = {isa = PBXFileReference; fileEncoding = 4; lastKnownFileType = sourcecode.swift; path = ShapeLab.swift; sourceTree = "<group>"; };
		D4D651342C429B960086FAC9 /* SpaceActionsState.swift */ = {isa = PBXFileReference; fileEncoding = 4; lastKnownFileType = sourcecode.swift; path = SpaceActionsState.swift; sourceTree = "<group>"; };
		D4D651362C429B960086FAC9 /* CoreGraphics+Extensions.swift */ = {isa = PBXFileReference; fileEncoding = 4; lastKnownFileType = sourcecode.swift; path = "CoreGraphics+Extensions.swift"; sourceTree = "<group>"; };
		D4D651372C429B960086FAC9 /* SKNode+Extensions.swift */ = {isa = PBXFileReference; fileEncoding = 4; lastKnownFileType = sourcecode.swift; path = "SKNode+Extensions.swift"; sourceTree = "<group>"; };
		D4D6513A2C429B960086FAC9 /* PhysicsJointCommonView.swift */ = {isa = PBXFileReference; fileEncoding = 4; lastKnownFileType = sourcecode.swift; path = PhysicsJointCommonView.swift; sourceTree = "<group>"; };
		D4D6513B2C429B960086FAC9 /* PhysicsJointConfigurator.swift */ = {isa = PBXFileReference; fileEncoding = 4; lastKnownFileType = sourcecode.swift; path = PhysicsJointConfigurator.swift; sourceTree = "<group>"; };
		D4D6513C2C429B960086FAC9 /* PhysicsJointFixedView.swift */ = {isa = PBXFileReference; fileEncoding = 4; lastKnownFileType = sourcecode.swift; path = PhysicsJointFixedView.swift; sourceTree = "<group>"; };
		D4D6513D2C429B960086FAC9 /* PhysicsJointLimitSlidersGridRow.swift */ = {isa = PBXFileReference; fileEncoding = 4; lastKnownFileType = sourcecode.swift; path = PhysicsJointLimitSlidersGridRow.swift; sourceTree = "<group>"; };
		D4D6513E2C429B960086FAC9 /* PhysicsJointLimitView.swift */ = {isa = PBXFileReference; fileEncoding = 4; lastKnownFileType = sourcecode.swift; path = PhysicsJointLimitView.swift; sourceTree = "<group>"; };
		D4D6513F2C429B960086FAC9 /* PhysicsJointPinSlidersGridRow.swift */ = {isa = PBXFileReference; fileEncoding = 4; lastKnownFileType = sourcecode.swift; path = PhysicsJointPinSlidersGridRow.swift; sourceTree = "<group>"; };
		D4D651402C429B960086FAC9 /* PhysicsJointPinView.swift */ = {isa = PBXFileReference; fileEncoding = 4; lastKnownFileType = sourcecode.swift; path = PhysicsJointPinView.swift; sourceTree = "<group>"; };
		D4D651412C429B960086FAC9 /* PhysicsJointSlidersGridAlignmentRow.swift */ = {isa = PBXFileReference; fileEncoding = 4; lastKnownFileType = sourcecode.swift; path = PhysicsJointSlidersGridAlignmentRow.swift; sourceTree = "<group>"; };
		D4D651422C429B960086FAC9 /* PhysicsJointSlidingSlidersGridRow.swift */ = {isa = PBXFileReference; fileEncoding = 4; lastKnownFileType = sourcecode.swift; path = PhysicsJointSlidingSlidersGridRow.swift; sourceTree = "<group>"; };
		D4D651432C429B960086FAC9 /* PhysicsJointSlidingView.swift */ = {isa = PBXFileReference; fileEncoding = 4; lastKnownFileType = sourcecode.swift; path = PhysicsJointSlidingView.swift; sourceTree = "<group>"; };
		D4D651442C429B960086FAC9 /* PhysicsJointSpringSlidersGridRow.swift */ = {isa = PBXFileReference; fileEncoding = 4; lastKnownFileType = sourcecode.swift; path = PhysicsJointSpringSlidersGridRow.swift; sourceTree = "<group>"; };
		D4D651452C429B960086FAC9 /* PhysicsJointSpringView.swift */ = {isa = PBXFileReference; fileEncoding = 4; lastKnownFileType = sourcecode.swift; path = PhysicsJointSpringView.swift; sourceTree = "<group>"; };
		D4D651472C429B960086FAC9 /* PhysicsBodyRelay.swift */ = {isa = PBXFileReference; fileEncoding = 4; lastKnownFileType = sourcecode.swift; path = PhysicsBodyRelay.swift; sourceTree = "<group>"; };
		D4D651482C429B960086FAC9 /* PhysicsFieldRelay.swift */ = {isa = PBXFileReference; fileEncoding = 4; lastKnownFileType = sourcecode.swift; path = PhysicsFieldRelay.swift; sourceTree = "<group>"; };
		D4D651492C429B960086FAC9 /* PhysicsJointRelays.swift */ = {isa = PBXFileReference; fileEncoding = 4; lastKnownFileType = sourcecode.swift; path = PhysicsJointRelays.swift; sourceTree = "<group>"; };
		D4D6514A2C429B960086FAC9 /* PhysicsWorldRelay.swift */ = {isa = PBXFileReference; fileEncoding = 4; lastKnownFileType = sourcecode.swift; path = PhysicsWorldRelay.swift; sourceTree = "<group>"; };
		D4D6514C2C429B960086FAC9 /* PhysicsBodyConfigurator.swift */ = {isa = PBXFileReference; fileEncoding = 4; lastKnownFileType = sourcecode.swift; path = PhysicsBodyConfigurator.swift; sourceTree = "<group>"; };
		D4D6514D2C429B960086FAC9 /* PhysicsBodyMasksView.swift */ = {isa = PBXFileReference; fileEncoding = 4; lastKnownFileType = sourcecode.swift; path = PhysicsBodyMasksView.swift; sourceTree = "<group>"; };
		D4D6514E2C429B960086FAC9 /* PhysicsBodySlidersGrid.swift */ = {isa = PBXFileReference; fileEncoding = 4; lastKnownFileType = sourcecode.swift; path = PhysicsBodySlidersGrid.swift; sourceTree = "<group>"; };
		D4D6514F2C429B960086FAC9 /* PhysicsBodyTogglesView.swift */ = {isa = PBXFileReference; fileEncoding = 4; lastKnownFileType = sourcecode.swift; path = PhysicsBodyTogglesView.swift; sourceTree = "<group>"; };
		D4D651502C429B960086FAC9 /* PhysicsFieldConfigurator.swift */ = {isa = PBXFileReference; fileEncoding = 4; lastKnownFileType = sourcecode.swift; path = PhysicsFieldConfigurator.swift; sourceTree = "<group>"; };
		D4D651512C429B960086FAC9 /* PhysicsFieldMasksView.swift */ = {isa = PBXFileReference; fileEncoding = 4; lastKnownFileType = sourcecode.swift; path = PhysicsFieldMasksView.swift; sourceTree = "<group>"; };
		D4D651522C429B960086FAC9 /* PhysicsFieldSlidersGrid.swift */ = {isa = PBXFileReference; fileEncoding = 4; lastKnownFileType = sourcecode.swift; path = PhysicsFieldSlidersGrid.swift; sourceTree = "<group>"; };
		D4D651532C429B960086FAC9 /* PhysicsFieldTogglesView.swift */ = {isa = PBXFileReference; fileEncoding = 4; lastKnownFileType = sourcecode.swift; path = PhysicsFieldTogglesView.swift; sourceTree = "<group>"; };
		D4D651542C429B960086FAC9 /* PhysicsMaskNamesConfigurator.swift */ = {isa = PBXFileReference; fileEncoding = 4; lastKnownFileType = sourcecode.swift; path = PhysicsMaskNamesConfigurator.swift; sourceTree = "<group>"; };
		D4D651552C429B960086FAC9 /* PhysicsWorldConfigurator.swift */ = {isa = PBXFileReference; fileEncoding = 4; lastKnownFileType = sourcecode.swift; path = PhysicsWorldConfigurator.swift; sourceTree = "<group>"; };
		D4D651562C429B960086FAC9 /* PhysicsWorldEdgeLoopView.swift */ = {isa = PBXFileReference; fileEncoding = 4; lastKnownFileType = sourcecode.swift; path = PhysicsWorldEdgeLoopView.swift; sourceTree = "<group>"; };
		D4D651572C429B960086FAC9 /* PhysicsWorldSlidersGrid.swift */ = {isa = PBXFileReference; fileEncoding = 4; lastKnownFileType = sourcecode.swift; path = PhysicsWorldSlidersGrid.swift; sourceTree = "<group>"; };
		D4D651592C429B960086FAC9 /* GameSceneRelay.swift */ = {isa = PBXFileReference; fileEncoding = 4; lastKnownFileType = sourcecode.swift; path = GameSceneRelay.swift; sourceTree = "<group>"; };
		D4D6515C2C429B960086FAC9 /* SKPScene.swift */ = {isa = PBXFileReference; fileEncoding = 4; lastKnownFileType = sourcecode.swift; path = SKPScene.swift; sourceTree = "<group>"; };
		D4D6515D2C429B960086FAC9 /* SKPScene+Extensions.swift */ = {isa = PBXFileReference; fileEncoding = 4; lastKnownFileType = sourcecode.swift; path = "SKPScene+Extensions.swift"; sourceTree = "<group>"; };
		D4D6515E2C429B960086FAC9 /* SKPScene+InputEvent.swift */ = {isa = PBXFileReference; fileEncoding = 4; lastKnownFileType = sourcecode.swift; path = "SKPScene+InputEvent.swift"; sourceTree = "<group>"; };
		D4D6515F2C429B960086FAC9 /* SKPSpriteView.swift */ = {isa = PBXFileReference; fileEncoding = 4; lastKnownFileType = sourcecode.swift; path = SKPSpriteView.swift; sourceTree = "<group>"; };
		D4D651602C429B960086FAC9 /* SKPView.swift */ = {isa = PBXFileReference; fileEncoding = 4; lastKnownFileType = sourcecode.swift; path = SKPView.swift; sourceTree = "<group>"; };
		D4D651622C429B960086FAC9 /* SKPMaskSelector.swift */ = {isa = PBXFileReference; fileEncoding = 4; lastKnownFileType = sourcecode.swift; path = SKPMaskSelector.swift; sourceTree = "<group>"; };
		D4D651632C429B960086FAC9 /* SKPSlider.swift */ = {isa = PBXFileReference; fileEncoding = 4; lastKnownFileType = sourcecode.swift; path = SKPSlider.swift; sourceTree = "<group>"; };
		D4D651642C429B960086FAC9 /* SKPSliderWithRelay.swift */ = {isa = PBXFileReference; fileEncoding = 4; lastKnownFileType = sourcecode.swift; path = SKPSliderWithRelay.swift; sourceTree = "<group>"; };
		D4D651652C429B960086FAC9 /* SKPToggle.swift */ = {isa = PBXFileReference; fileEncoding = 4; lastKnownFileType = sourcecode.swift; path = SKPToggle.swift; sourceTree = "<group>"; };
		D4D651682C429B960086FAC9 /* Fields.md */ = {isa = PBXFileReference; fileEncoding = 4; lastKnownFileType = net.daringfireball.markdown; path = Fields.md; sourceTree = "<group>"; };
		D4D651692C429B960086FAC9 /* SpaceActions.md */ = {isa = PBXFileReference; fileEncoding = 4; lastKnownFileType = net.daringfireball.markdown; path = SpaceActions.md; sourceTree = "<group>"; };
		D4D6516A2C429B960086FAC9 /* UXScenarios.md */ = {isa = PBXFileReference; fileEncoding = 4; lastKnownFileType = net.daringfireball.markdown; path = UXScenarios.md; sourceTree = "<group>"; };
		D4D6516B2C429B960086FAC9 /* Vertices.md */ = {isa = PBXFileReference; fileEncoding = 4; lastKnownFileType = net.daringfireball.markdown; path = Vertices.md; sourceTree = "<group>"; };
		D4D6516D2C429B960086FAC9 /* ActionToken.swift */ = {isa = PBXFileReference; fileEncoding = 4; lastKnownFileType = sourcecode.swift; path = ActionToken.swift; sourceTree = "<group>"; };
		D4D6516E2C429B960086FAC9 /* PhysicsFieldToken.swift */ = {isa = PBXFileReference; fileEncoding = 4; lastKnownFileType = sourcecode.swift; path = PhysicsFieldToken.swift; sourceTree = "<group>"; };
		D4D651702C429B960086FAC9 /* ContextMenuManager.swift */ = {isa = PBXFileReference; fileEncoding = 4; lastKnownFileType = sourcecode.swift; path = ContextMenuManager.swift; sourceTree = "<group>"; };
		D4D651712C429B960086FAC9 /* EntityManager.swift */ = {isa = PBXFileReference; fileEncoding = 4; lastKnownFileType = sourcecode.swift; path = EntityManager.swift; sourceTree = "<group>"; };
		D4D651722C429B960086FAC9 /* GestureEventDispatcher.swift */ = {isa = PBXFileReference; fileEncoding = 4; lastKnownFileType = sourcecode.swift; path = GestureEventDispatcher.swift; sourceTree = "<group>"; };
		D4D651732C429B960086FAC9 /* InputEventDispatcher.swift */ = {isa = PBXFileReference; fileEncoding = 4; lastKnownFileType = sourcecode.swift; path = InputEventDispatcher.swift; sourceTree = "<group>"; };
		D4D651742C429B960086FAC9 /* Utility.swift */ = {isa = PBXFileReference; fileEncoding = 4; lastKnownFileType = sourcecode.swift; path = Utility.swift; sourceTree = "<group>"; };
		D4D651752C429B960086FAC9 /* WorkflowManager.swift */ = {isa = PBXFileReference; fileEncoding = 4; lastKnownFileType = sourcecode.swift; path = WorkflowManager.swift; sourceTree = "<group>"; };
		D4D651772C429B960086FAC9 /* SelectionHalo.swift */ = {isa = PBXFileReference; fileEncoding = 4; lastKnownFileType = sourcecode.swift; path = SelectionHalo.swift; sourceTree = "<group>"; };
		D4D651782C429B960086FAC9 /* SelectionHaloOI.swift */ = {isa = PBXFileReference; fileEncoding = 4; lastKnownFileType = sourcecode.swift; path = SelectionHaloOI.swift; sourceTree = "<group>"; };
		D4D651792C429B960086FAC9 /* SelectionHaloRS.swift */ = {isa = PBXFileReference; fileEncoding = 4; lastKnownFileType = sourcecode.swift; path = SelectionHaloRS.swift; sourceTree = "<group>"; };
		D4D6517A2C429B960086FAC9 /* SelectionMarquee.swift */ = {isa = PBXFileReference; fileEncoding = 4; lastKnownFileType = sourcecode.swift; path = SelectionMarquee.swift; sourceTree = "<group>"; };
		D4D651CE2C430E620086FAC9 /* PlaygroundStatusView.swift */ = {isa = PBXFileReference; fileEncoding = 4; lastKnownFileType = sourcecode.swift; path = PlaygroundStatusView.swift; sourceTree = "<group>"; };
		D4D651D02C430EDA0086FAC9 /* RelayManager.swift */ = {isa = PBXFileReference; lastKnownFileType = sourcecode.swift; path = RelayManager.swift; sourceTree = "<group>"; };
		D4D651D22C434A3B0086FAC9 /* Dashboard.md */ = {isa = PBXFileReference; lastKnownFileType = net.daringfireball.markdown; path = Dashboard.md; sourceTree = "<group>"; };
		D4D651D32C434F370086FAC9 /* ClickToPlaceView.swift */ = {isa = PBXFileReference; fileEncoding = 4; lastKnownFileType = sourcecode.swift; path = ClickToPlaceView.swift; sourceTree = "<group>"; };
		D4D651D42C434F370086FAC9 /* CommandView.swift */ = {isa = PBXFileReference; fileEncoding = 4; lastKnownFileType = sourcecode.swift; path = CommandView.swift; sourceTree = "<group>"; };
		D4D651D52C434F370086FAC9 /* PlayControlsView.swift */ = {isa = PBXFileReference; fileEncoding = 4; lastKnownFileType = sourcecode.swift; path = PlayControlsView.swift; sourceTree = "<group>"; };
		D4D651DC2C4351270086FAC9 /* WorkflowRelay.swift */ = {isa = PBXFileReference; lastKnownFileType = sourcecode.swift; path = WorkflowRelay.swift; sourceTree = "<group>"; };
		D4D651DE2C4352C70086FAC9 /* CommandRelay.swift */ = {isa = PBXFileReference; lastKnownFileType = sourcecode.swift; path = CommandRelay.swift; sourceTree = "<group>"; };
		D4D651E02C43567E0086FAC9 /* PlayConfigurator.swift */ = {isa = PBXFileReference; lastKnownFileType = sourcecode.swift; path = PlayConfigurator.swift; sourceTree = "<group>"; };
		D4D651E22C4356D60086FAC9 /* PlaySlidersGrid.swift */ = {isa = PBXFileReference; lastKnownFileType = sourcecode.swift; path = PlaySlidersGrid.swift; sourceTree = "<group>"; };
/* End PBXFileReference section */

/* Begin PBXFrameworksBuildPhase section */
		D4D651052C429B280086FAC9 /* Frameworks */ = {
			isa = PBXFrameworksBuildPhase;
			buildActionMask = 2147483647;
			files = (
			);
			runOnlyForDeploymentPostprocessing = 0;
		};
/* End PBXFrameworksBuildPhase section */

/* Begin PBXGroup section */
		D4D650FF2C429B280086FAC9 = {
			isa = PBXGroup;
			children = (
				D4D6511D2C429B700086FAC9 /* README.md */,
				D4D6511B2C429B700086FAC9 /* .gitignore */,
				D4D6511A2C429B700086FAC9 /* .overcommit.yml */,
				D4D6511C2C429B700086FAC9 /* .swiftlint.yml */,
				D4D6510A2C429B280086FAC9 /* Ingot */,
				D4D651092C429B280086FAC9 /* Products */,
			);
			sourceTree = "<group>";
		};
		D4D651092C429B280086FAC9 /* Products */ = {
			isa = PBXGroup;
			children = (
				D4D651082C429B280086FAC9 /* Ingot.app */,
			);
			name = Products;
			sourceTree = "<group>";
		};
		D4D6510A2C429B280086FAC9 /* Ingot */ = {
			isa = PBXGroup;
			children = (
				D4D651762C429B960086FAC9 /* Components */,
				D4D6516C2C429B960086FAC9 /* Documentation */,
				D4D651382C429B960086FAC9 /* Extension */,
				D4D6512A2C429B950086FAC9 /* GameEntity */,
				D4D6515A2C429B960086FAC9 /* Relays */,
				D4D6517B2C429B960086FAC9 /* Selection */,
				D4D651352C429B960086FAC9 /* StateObject */,
				D4D6516F2C429B960086FAC9 /* Token */,
				D4D651672C429B960086FAC9 /* View */,
				D4D6510B2C429B290086FAC9 /* IngotApp.swift */,
				D4D6510D2C429B290086FAC9 /* ContentView.swift */,
				D4D6510F2C429B2A0086FAC9 /* Assets.xcassets */,
				D4D651142C429B2A0086FAC9 /* Ingot.entitlements */,
				D4D651112C429B2A0086FAC9 /* Preview Content */,
			);
			path = Ingot;
			sourceTree = "<group>";
		};
		D4D651112C429B2A0086FAC9 /* Preview Content */ = {
			isa = PBXGroup;
			children = (
				D4D651122C429B2A0086FAC9 /* Preview Assets.xcassets */,
			);
			path = "Preview Content";
			sourceTree = "<group>";
		};
		D4D6512A2C429B950086FAC9 /* GameEntity */ = {
			isa = PBXGroup;
			children = (
				D4D651222C429B950086FAC9 /* Field.swift */,
				D4D651232C429B950086FAC9 /* GameEntity.swift */,
				D4D651242C429B950086FAC9 /* GameEntityFace.swift */,
				D4D651252C429B950086FAC9 /* GameEntitySprite.swift */,
				D4D651262C429B950086FAC9 /* Gremlin.swift */,
				D4D651272C429B950086FAC9 /* GremlinFace.swift */,
				D4D651282C429B950086FAC9 /* Joint.swift */,
				D4D651292C429B950086FAC9 /* Vertex.swift */,
			);
			path = GameEntity;
			sourceTree = "<group>";
		};
		D4D651352C429B960086FAC9 /* StateObject */ = {
			isa = PBXGroup;
			children = (
				D4D6512B2C429B960086FAC9 /* EntityActionsPublisher.swift */,
				D4D6512C2C429B960086FAC9 /* EntitySelectionState.swift */,
				D4D6512D2C429B960086FAC9 /* PhysicsBodyState.swift */,
				D4D6512E2C429B960086FAC9 /* PhysicsFieldLab.swift */,
				D4D6512F2C429B960086FAC9 /* PhysicsFieldState.swift */,
				D4D651302C429B960086FAC9 /* PhysicsMaskCategories.swift */,
				D4D651312C429B960086FAC9 /* PhysicsWorldState.swift */,
				D4D651322C429B960086FAC9 /* SelectedPhysicsRelay.swift */,
				D4D651332C429B960086FAC9 /* ShapeLab.swift */,
				D4D651342C429B960086FAC9 /* SpaceActionsState.swift */,
			);
			path = StateObject;
			sourceTree = "<group>";
		};
		D4D651382C429B960086FAC9 /* Extension */ = {
			isa = PBXGroup;
			children = (
				D4D651362C429B960086FAC9 /* CoreGraphics+Extensions.swift */,
				D4D651372C429B960086FAC9 /* SKNode+Extensions.swift */,
			);
			path = Extension;
			sourceTree = "<group>";
		};
		D4D651392C429B960086FAC9 /* Actions */ = {
			isa = PBXGroup;
			children = (
			);
			path = Actions;
			sourceTree = "<group>";
		};
		D4D651462C429B960086FAC9 /* Joints */ = {
			isa = PBXGroup;
			children = (
				D4D6513A2C429B960086FAC9 /* PhysicsJointCommonView.swift */,
				D4D6513B2C429B960086FAC9 /* PhysicsJointConfigurator.swift */,
				D4D6513C2C429B960086FAC9 /* PhysicsJointFixedView.swift */,
				D4D6513D2C429B960086FAC9 /* PhysicsJointLimitSlidersGridRow.swift */,
				D4D6513E2C429B960086FAC9 /* PhysicsJointLimitView.swift */,
				D4D6513F2C429B960086FAC9 /* PhysicsJointPinSlidersGridRow.swift */,
				D4D651402C429B960086FAC9 /* PhysicsJointPinView.swift */,
				D4D651412C429B960086FAC9 /* PhysicsJointSlidersGridAlignmentRow.swift */,
				D4D651422C429B960086FAC9 /* PhysicsJointSlidingSlidersGridRow.swift */,
				D4D651432C429B960086FAC9 /* PhysicsJointSlidingView.swift */,
				D4D651442C429B960086FAC9 /* PhysicsJointSpringSlidersGridRow.swift */,
				D4D651452C429B960086FAC9 /* PhysicsJointSpringView.swift */,
			);
			path = Joints;
			sourceTree = "<group>";
		};
		D4D6514B2C429B960086FAC9 /* Relays */ = {
			isa = PBXGroup;
			children = (
				D4D651472C429B960086FAC9 /* PhysicsBodyRelay.swift */,
				D4D651482C429B960086FAC9 /* PhysicsFieldRelay.swift */,
				D4D651492C429B960086FAC9 /* PhysicsJointRelays.swift */,
				D4D6514A2C429B960086FAC9 /* PhysicsWorldRelay.swift */,
			);
			path = Relays;
			sourceTree = "<group>";
		};
		D4D651582C429B960086FAC9 /* Physics */ = {
			isa = PBXGroup;
			children = (
				D4D651462C429B960086FAC9 /* Joints */,
				D4D6514B2C429B960086FAC9 /* Relays */,
				D4D6514C2C429B960086FAC9 /* PhysicsBodyConfigurator.swift */,
				D4D6514D2C429B960086FAC9 /* PhysicsBodyMasksView.swift */,
				D4D6514E2C429B960086FAC9 /* PhysicsBodySlidersGrid.swift */,
				D4D6514F2C429B960086FAC9 /* PhysicsBodyTogglesView.swift */,
				D4D651502C429B960086FAC9 /* PhysicsFieldConfigurator.swift */,
				D4D651512C429B960086FAC9 /* PhysicsFieldMasksView.swift */,
				D4D651522C429B960086FAC9 /* PhysicsFieldSlidersGrid.swift */,
				D4D651532C429B960086FAC9 /* PhysicsFieldTogglesView.swift */,
				D4D651542C429B960086FAC9 /* PhysicsMaskNamesConfigurator.swift */,
				D4D651552C429B960086FAC9 /* PhysicsWorldConfigurator.swift */,
				D4D651562C429B960086FAC9 /* PhysicsWorldEdgeLoopView.swift */,
				D4D651572C429B960086FAC9 /* PhysicsWorldSlidersGrid.swift */,
			);
			path = Physics;
			sourceTree = "<group>";
		};
		D4D6515A2C429B960086FAC9 /* Relays */ = {
			isa = PBXGroup;
			children = (
				D4D651592C429B960086FAC9 /* GameSceneRelay.swift */,
				D4D651DC2C4351270086FAC9 /* WorkflowRelay.swift */,
				D4D651DE2C4352C70086FAC9 /* CommandRelay.swift */,
			);
			path = Relays;
			sourceTree = "<group>";
		};
		D4D6515B2C429B960086FAC9 /* Dashboard */ = {
			isa = PBXGroup;
			children = (
				D4D651392C429B960086FAC9 /* Actions */,
				D4D651D62C434F370086FAC9 /* Command */,
				D4D651CD2C430E3D0086FAC9 /* Main */,
				D4D651582C429B960086FAC9 /* Physics */,
			);
			path = Dashboard;
			sourceTree = "<group>";
		};
		D4D651612C429B960086FAC9 /* SpriteView */ = {
			isa = PBXGroup;
			children = (
				D4D6515C2C429B960086FAC9 /* SKPScene.swift */,
				D4D6515D2C429B960086FAC9 /* SKPScene+Extensions.swift */,
				D4D6515E2C429B960086FAC9 /* SKPScene+InputEvent.swift */,
				D4D6515F2C429B960086FAC9 /* SKPSpriteView.swift */,
				D4D651602C429B960086FAC9 /* SKPView.swift */,
			);
			path = SpriteView;
			sourceTree = "<group>";
		};
		D4D651662C429B960086FAC9 /* Toolbox */ = {
			isa = PBXGroup;
			children = (
				D4D651622C429B960086FAC9 /* SKPMaskSelector.swift */,
				D4D651632C429B960086FAC9 /* SKPSlider.swift */,
				D4D651642C429B960086FAC9 /* SKPSliderWithRelay.swift */,
				D4D651652C429B960086FAC9 /* SKPToggle.swift */,
			);
			path = Toolbox;
			sourceTree = "<group>";
		};
		D4D651672C429B960086FAC9 /* View */ = {
			isa = PBXGroup;
			children = (
				D4D6515B2C429B960086FAC9 /* Dashboard */,
				D4D651612C429B960086FAC9 /* SpriteView */,
				D4D651662C429B960086FAC9 /* Toolbox */,
			);
			path = View;
			sourceTree = "<group>";
		};
		D4D6516C2C429B960086FAC9 /* Documentation */ = {
			isa = PBXGroup;
			children = (
				D4D651D22C434A3B0086FAC9 /* Dashboard.md */,
				D4D651682C429B960086FAC9 /* Fields.md */,
				D4D651692C429B960086FAC9 /* SpaceActions.md */,
				D4D6516A2C429B960086FAC9 /* UXScenarios.md */,
				D4D6516B2C429B960086FAC9 /* Vertices.md */,
			);
			path = Documentation;
			sourceTree = "<group>";
		};
		D4D6516F2C429B960086FAC9 /* Token */ = {
			isa = PBXGroup;
			children = (
				D4D6516D2C429B960086FAC9 /* ActionToken.swift */,
				D4D6516E2C429B960086FAC9 /* PhysicsFieldToken.swift */,
			);
			path = Token;
			sourceTree = "<group>";
		};
		D4D651762C429B960086FAC9 /* Components */ = {
			isa = PBXGroup;
			children = (
				D4D651702C429B960086FAC9 /* ContextMenuManager.swift */,
				D4D651712C429B960086FAC9 /* EntityManager.swift */,
				D4D651722C429B960086FAC9 /* GestureEventDispatcher.swift */,
				D4D651732C429B960086FAC9 /* InputEventDispatcher.swift */,
				D4D651D02C430EDA0086FAC9 /* RelayManager.swift */,
				D4D651742C429B960086FAC9 /* Utility.swift */,
				D4D651752C429B960086FAC9 /* WorkflowManager.swift */,
			);
			path = Components;
			sourceTree = "<group>";
		};
		D4D6517B2C429B960086FAC9 /* Selection */ = {
			isa = PBXGroup;
			children = (
				D4D651772C429B960086FAC9 /* SelectionHalo.swift */,
				D4D651782C429B960086FAC9 /* SelectionHaloOI.swift */,
				D4D651792C429B960086FAC9 /* SelectionHaloRS.swift */,
				D4D6517A2C429B960086FAC9 /* SelectionMarquee.swift */,
			);
			path = Selection;
			sourceTree = "<group>";
		};
		D4D651CD2C430E3D0086FAC9 /* Main */ = {
			isa = PBXGroup;
			children = (
				D4D651CE2C430E620086FAC9 /* PlaygroundStatusView.swift */,
			);
			path = Main;
			sourceTree = "<group>";
		};
		D4D651D62C434F370086FAC9 /* Command */ = {
			isa = PBXGroup;
			children = (
				D4D651D32C434F370086FAC9 /* ClickToPlaceView.swift */,
				D4D651D42C434F370086FAC9 /* CommandView.swift */,
				D4D651E02C43567E0086FAC9 /* PlayConfigurator.swift */,
				D4D651D52C434F370086FAC9 /* PlayControlsView.swift */,
				D4D651E22C4356D60086FAC9 /* PlaySlidersGrid.swift */,
			);
			path = Command;
			sourceTree = "<group>";
		};
/* End PBXGroup section */

/* Begin PBXNativeTarget section */
		D4D651072C429B280086FAC9 /* Ingot */ = {
			isa = PBXNativeTarget;
			buildConfigurationList = D4D651172C429B2A0086FAC9 /* Build configuration list for PBXNativeTarget "Ingot" */;
			buildPhases = (
				D4D651042C429B280086FAC9 /* Sources */,
				D4D651052C429B280086FAC9 /* Frameworks */,
				D4D651062C429B280086FAC9 /* Resources */,
			);
			buildRules = (
			);
			dependencies = (
			);
			name = Ingot;
			productName = Ingot;
			productReference = D4D651082C429B280086FAC9 /* Ingot.app */;
			productType = "com.apple.product-type.application";
		};
/* End PBXNativeTarget section */

/* Begin PBXProject section */
		D4D651002C429B280086FAC9 /* Project object */ = {
			isa = PBXProject;
			attributes = {
				BuildIndependentTargetsInParallel = 1;
				LastSwiftUpdateCheck = 1540;
				LastUpgradeCheck = 1540;
				TargetAttributes = {
					D4D651072C429B280086FAC9 = {
						CreatedOnToolsVersion = 15.4;
					};
				};
			};
			buildConfigurationList = D4D651032C429B280086FAC9 /* Build configuration list for PBXProject "Ingot" */;
			compatibilityVersion = "Xcode 14.0";
			developmentRegion = en;
			hasScannedForEncodings = 0;
			knownRegions = (
				en,
				Base,
			);
			mainGroup = D4D650FF2C429B280086FAC9;
			packageReferences = (
				D4D651C62C429C440086FAC9 /* XCRemoteSwiftPackageReference "SwiftLintPlugins" */,
			);
			productRefGroup = D4D651092C429B280086FAC9 /* Products */;
			projectDirPath = "";
			projectRoot = "";
			targets = (
				D4D651072C429B280086FAC9 /* Ingot */,
			);
		};
/* End PBXProject section */

/* Begin PBXResourcesBuildPhase section */
		D4D651062C429B280086FAC9 /* Resources */ = {
			isa = PBXResourcesBuildPhase;
			buildActionMask = 2147483647;
			files = (
				D4D651212C429B700086FAC9 /* README.md in Resources */,
				D4D651202C429B700086FAC9 /* .swiftlint.yml in Resources */,
				D4D6511F2C429B700086FAC9 /* .gitignore in Resources */,
				D4D651B72C429B960086FAC9 /* SpaceActions.md in Resources */,
				D4D6511E2C429B700086FAC9 /* .overcommit.yml in Resources */,
				D4D651132C429B2A0086FAC9 /* Preview Assets.xcassets in Resources */,
				D4D651102C429B2A0086FAC9 /* Assets.xcassets in Resources */,
				D4D651B92C429B960086FAC9 /* Vertices.md in Resources */,
				D4D651B82C429B960086FAC9 /* UXScenarios.md in Resources */,
				D4D651B62C429B960086FAC9 /* Fields.md in Resources */,
			);
			runOnlyForDeploymentPostprocessing = 0;
		};
/* End PBXResourcesBuildPhase section */

/* Begin PBXSourcesBuildPhase section */
		D4D651042C429B280086FAC9 /* Sources */ = {
			isa = PBXSourcesBuildPhase;
			buildActionMask = 2147483647;
			files = (
				D4D651E32C4356D60086FAC9 /* PlaySlidersGrid.swift in Sources */,
				D4D651A12C429B960086FAC9 /* PhysicsBodyMasksView.swift in Sources */,
				D4D651952C429B960086FAC9 /* PhysicsJointPinSlidersGridRow.swift in Sources */,
				D4D651C32C429B960086FAC9 /* SelectionHaloOI.swift in Sources */,
				D4D651C42C429B960086FAC9 /* SelectionHaloRS.swift in Sources */,
				D4D651DD2C4351270086FAC9 /* WorkflowRelay.swift in Sources */,
				D4D6518A2C429B960086FAC9 /* PhysicsWorldState.swift in Sources */,
				D4D6510E2C429B290086FAC9 /* ContentView.swift in Sources */,
				D4D651932C429B960086FAC9 /* PhysicsJointLimitSlidersGridRow.swift in Sources */,
				D4D651992C429B960086FAC9 /* PhysicsJointSlidingView.swift in Sources */,
				D4D651A82C429B960086FAC9 /* PhysicsMaskNamesConfigurator.swift in Sources */,
				D4D651A92C429B960086FAC9 /* PhysicsWorldConfigurator.swift in Sources */,
				D4D651842C429B960086FAC9 /* EntityActionsPublisher.swift in Sources */,
				D4D651A42C429B960086FAC9 /* PhysicsFieldConfigurator.swift in Sources */,
				D4D651A62C429B960086FAC9 /* PhysicsFieldSlidersGrid.swift in Sources */,
				D4D6519E2C429B960086FAC9 /* PhysicsJointRelays.swift in Sources */,
				D4D6519D2C429B960086FAC9 /* PhysicsFieldRelay.swift in Sources */,
				D4D6519B2C429B960086FAC9 /* PhysicsJointSpringView.swift in Sources */,
				D4D651862C429B960086FAC9 /* PhysicsBodyState.swift in Sources */,
				D4D651812C429B960086FAC9 /* GremlinFace.swift in Sources */,
				D4D651902C429B960086FAC9 /* PhysicsJointCommonView.swift in Sources */,
				D4D651AC2C429B960086FAC9 /* GameSceneRelay.swift in Sources */,
				D4D651C12C429B960086FAC9 /* WorkflowManager.swift in Sources */,
				D4D651872C429B960086FAC9 /* PhysicsFieldLab.swift in Sources */,
				D4D651822C429B960086FAC9 /* Joint.swift in Sources */,
				D4D651832C429B960086FAC9 /* Vertex.swift in Sources */,
				D4D651B42C429B960086FAC9 /* SKPSliderWithRelay.swift in Sources */,
				D4D651E12C43567E0086FAC9 /* PlayConfigurator.swift in Sources */,
				D4D651C02C429B960086FAC9 /* Utility.swift in Sources */,
				D4D6518D2C429B960086FAC9 /* SpaceActionsState.swift in Sources */,
				D4D651A02C429B960086FAC9 /* PhysicsBodyConfigurator.swift in Sources */,
				D4D651972C429B960086FAC9 /* PhysicsJointSlidersGridAlignmentRow.swift in Sources */,
				D4D651982C429B960086FAC9 /* PhysicsJointSlidingSlidersGridRow.swift in Sources */,
				D4D651A32C429B960086FAC9 /* PhysicsBodyTogglesView.swift in Sources */,
				D4D651C52C429B960086FAC9 /* SelectionMarquee.swift in Sources */,
				D4D651852C429B960086FAC9 /* EntitySelectionState.swift in Sources */,
				D4D6517E2C429B960086FAC9 /* GameEntityFace.swift in Sources */,
				D4D6510C2C429B290086FAC9 /* IngotApp.swift in Sources */,
				D4D651AD2C429B960086FAC9 /* SKPScene.swift in Sources */,
				D4D6519A2C429B960086FAC9 /* PhysicsJointSpringSlidersGridRow.swift in Sources */,
				D4D651AB2C429B960086FAC9 /* PhysicsWorldSlidersGrid.swift in Sources */,
				D4D651D92C434F370086FAC9 /* PlayControlsView.swift in Sources */,
				D4D6518C2C429B960086FAC9 /* ShapeLab.swift in Sources */,
				D4D651B12C429B960086FAC9 /* SKPView.swift in Sources */,
				D4D651AE2C429B960086FAC9 /* SKPScene+Extensions.swift in Sources */,
				D4D651B02C429B960086FAC9 /* SKPSpriteView.swift in Sources */,
				D4D651CF2C430E620086FAC9 /* PlaygroundStatusView.swift in Sources */,
				D4D651AA2C429B960086FAC9 /* PhysicsWorldEdgeLoopView.swift in Sources */,
				D4D651BD2C429B960086FAC9 /* EntityManager.swift in Sources */,
				D4D651B32C429B960086FAC9 /* SKPSlider.swift in Sources */,
				D4D651BF2C429B960086FAC9 /* InputEventDispatcher.swift in Sources */,
				D4D6517F2C429B960086FAC9 /* GameEntitySprite.swift in Sources */,
				D4D6519C2C429B960086FAC9 /* PhysicsBodyRelay.swift in Sources */,
				D4D6518E2C429B960086FAC9 /* CoreGraphics+Extensions.swift in Sources */,
				D4D651962C429B960086FAC9 /* PhysicsJointPinView.swift in Sources */,
				D4D651DF2C4352C70086FAC9 /* CommandRelay.swift in Sources */,
				D4D651D12C430EDA0086FAC9 /* RelayManager.swift in Sources */,
				D4D651A52C429B960086FAC9 /* PhysicsFieldMasksView.swift in Sources */,
				D4D651892C429B960086FAC9 /* PhysicsMaskCategories.swift in Sources */,
				D4D651C22C429B960086FAC9 /* SelectionHalo.swift in Sources */,
				D4D651D72C434F370086FAC9 /* ClickToPlaceView.swift in Sources */,
				D4D651BA2C429B960086FAC9 /* ActionToken.swift in Sources */,
				D4D651942C429B960086FAC9 /* PhysicsJointLimitView.swift in Sources */,
				D4D651D82C434F370086FAC9 /* CommandView.swift in Sources */,
				D4D651A72C429B960086FAC9 /* PhysicsFieldTogglesView.swift in Sources */,
				D4D651BE2C429B960086FAC9 /* GestureEventDispatcher.swift in Sources */,
				D4D6517D2C429B960086FAC9 /* GameEntity.swift in Sources */,
				D4D651B22C429B960086FAC9 /* SKPMaskSelector.swift in Sources */,
				D4D6517C2C429B960086FAC9 /* Field.swift in Sources */,
				D4D651B52C429B960086FAC9 /* SKPToggle.swift in Sources */,
				D4D651912C429B960086FAC9 /* PhysicsJointConfigurator.swift in Sources */,
				D4D651922C429B960086FAC9 /* PhysicsJointFixedView.swift in Sources */,
				D4D651802C429B960086FAC9 /* Gremlin.swift in Sources */,
				D4D6519F2C429B960086FAC9 /* PhysicsWorldRelay.swift in Sources */,
				D4D651AF2C429B960086FAC9 /* SKPScene+InputEvent.swift in Sources */,
				D4D6518F2C429B960086FAC9 /* SKNode+Extensions.swift in Sources */,
				D4D651BC2C429B960086FAC9 /* ContextMenuManager.swift in Sources */,
				D4D6518B2C429B960086FAC9 /* SelectedPhysicsRelay.swift in Sources */,
				D4D651882C429B960086FAC9 /* PhysicsFieldState.swift in Sources */,
				D4D651BB2C429B960086FAC9 /* PhysicsFieldToken.swift in Sources */,
				D4D651A22C429B960086FAC9 /* PhysicsBodySlidersGrid.swift in Sources */,
			);
			runOnlyForDeploymentPostprocessing = 0;
		};
/* End PBXSourcesBuildPhase section */

/* Begin XCBuildConfiguration section */
		D4D651152C429B2A0086FAC9 /* Debug */ = {
			isa = XCBuildConfiguration;
			buildSettings = {
				ALWAYS_SEARCH_USER_PATHS = NO;
				ASSETCATALOG_COMPILER_GENERATE_SWIFT_ASSET_SYMBOL_EXTENSIONS = YES;
				CLANG_ANALYZER_NONNULL = YES;
				CLANG_ANALYZER_NUMBER_OBJECT_CONVERSION = YES_AGGRESSIVE;
				CLANG_CXX_LANGUAGE_STANDARD = "gnu++20";
				CLANG_ENABLE_MODULES = YES;
				CLANG_ENABLE_OBJC_ARC = YES;
				CLANG_ENABLE_OBJC_WEAK = YES;
				CLANG_WARN_BLOCK_CAPTURE_AUTORELEASING = YES;
				CLANG_WARN_BOOL_CONVERSION = YES;
				CLANG_WARN_COMMA = YES;
				CLANG_WARN_CONSTANT_CONVERSION = YES;
				CLANG_WARN_DEPRECATED_OBJC_IMPLEMENTATIONS = YES;
				CLANG_WARN_DIRECT_OBJC_ISA_USAGE = YES_ERROR;
				CLANG_WARN_DOCUMENTATION_COMMENTS = YES;
				CLANG_WARN_EMPTY_BODY = YES;
				CLANG_WARN_ENUM_CONVERSION = YES;
				CLANG_WARN_INFINITE_RECURSION = YES;
				CLANG_WARN_INT_CONVERSION = YES;
				CLANG_WARN_NON_LITERAL_NULL_CONVERSION = YES;
				CLANG_WARN_OBJC_IMPLICIT_RETAIN_SELF = YES;
				CLANG_WARN_OBJC_LITERAL_CONVERSION = YES;
				CLANG_WARN_OBJC_ROOT_CLASS = YES_ERROR;
				CLANG_WARN_QUOTED_INCLUDE_IN_FRAMEWORK_HEADER = YES;
				CLANG_WARN_RANGE_LOOP_ANALYSIS = YES;
				CLANG_WARN_STRICT_PROTOTYPES = YES;
				CLANG_WARN_SUSPICIOUS_MOVE = YES;
				CLANG_WARN_UNGUARDED_AVAILABILITY = YES_AGGRESSIVE;
				CLANG_WARN_UNREACHABLE_CODE = YES;
				CLANG_WARN__DUPLICATE_METHOD_MATCH = YES;
				COPY_PHASE_STRIP = NO;
				DEBUG_INFORMATION_FORMAT = dwarf;
				ENABLE_STRICT_OBJC_MSGSEND = YES;
				ENABLE_TESTABILITY = YES;
				ENABLE_USER_SCRIPT_SANDBOXING = YES;
				GCC_C_LANGUAGE_STANDARD = gnu17;
				GCC_DYNAMIC_NO_PIC = NO;
				GCC_NO_COMMON_BLOCKS = YES;
				GCC_OPTIMIZATION_LEVEL = 0;
				GCC_PREPROCESSOR_DEFINITIONS = (
					"DEBUG=1",
					"$(inherited)",
				);
				GCC_WARN_64_TO_32_BIT_CONVERSION = YES;
				GCC_WARN_ABOUT_RETURN_TYPE = YES_ERROR;
				GCC_WARN_UNDECLARED_SELECTOR = YES;
				GCC_WARN_UNINITIALIZED_AUTOS = YES_AGGRESSIVE;
				GCC_WARN_UNUSED_FUNCTION = YES;
				GCC_WARN_UNUSED_VARIABLE = YES;
				LOCALIZATION_PREFERS_STRING_CATALOGS = YES;
				MACOSX_DEPLOYMENT_TARGET = 14.5;
				MTL_ENABLE_DEBUG_INFO = INCLUDE_SOURCE;
				MTL_FAST_MATH = YES;
				ONLY_ACTIVE_ARCH = YES;
				SDKROOT = macosx;
				SWIFT_ACTIVE_COMPILATION_CONDITIONS = "DEBUG $(inherited)";
				SWIFT_OPTIMIZATION_LEVEL = "-Onone";
			};
			name = Debug;
		};
		D4D651162C429B2A0086FAC9 /* Release */ = {
			isa = XCBuildConfiguration;
			buildSettings = {
				ALWAYS_SEARCH_USER_PATHS = NO;
				ASSETCATALOG_COMPILER_GENERATE_SWIFT_ASSET_SYMBOL_EXTENSIONS = YES;
				CLANG_ANALYZER_NONNULL = YES;
				CLANG_ANALYZER_NUMBER_OBJECT_CONVERSION = YES_AGGRESSIVE;
				CLANG_CXX_LANGUAGE_STANDARD = "gnu++20";
				CLANG_ENABLE_MODULES = YES;
				CLANG_ENABLE_OBJC_ARC = YES;
				CLANG_ENABLE_OBJC_WEAK = YES;
				CLANG_WARN_BLOCK_CAPTURE_AUTORELEASING = YES;
				CLANG_WARN_BOOL_CONVERSION = YES;
				CLANG_WARN_COMMA = YES;
				CLANG_WARN_CONSTANT_CONVERSION = YES;
				CLANG_WARN_DEPRECATED_OBJC_IMPLEMENTATIONS = YES;
				CLANG_WARN_DIRECT_OBJC_ISA_USAGE = YES_ERROR;
				CLANG_WARN_DOCUMENTATION_COMMENTS = YES;
				CLANG_WARN_EMPTY_BODY = YES;
				CLANG_WARN_ENUM_CONVERSION = YES;
				CLANG_WARN_INFINITE_RECURSION = YES;
				CLANG_WARN_INT_CONVERSION = YES;
				CLANG_WARN_NON_LITERAL_NULL_CONVERSION = YES;
				CLANG_WARN_OBJC_IMPLICIT_RETAIN_SELF = YES;
				CLANG_WARN_OBJC_LITERAL_CONVERSION = YES;
				CLANG_WARN_OBJC_ROOT_CLASS = YES_ERROR;
				CLANG_WARN_QUOTED_INCLUDE_IN_FRAMEWORK_HEADER = YES;
				CLANG_WARN_RANGE_LOOP_ANALYSIS = YES;
				CLANG_WARN_STRICT_PROTOTYPES = YES;
				CLANG_WARN_SUSPICIOUS_MOVE = YES;
				CLANG_WARN_UNGUARDED_AVAILABILITY = YES_AGGRESSIVE;
				CLANG_WARN_UNREACHABLE_CODE = YES;
				CLANG_WARN__DUPLICATE_METHOD_MATCH = YES;
				COPY_PHASE_STRIP = NO;
				DEBUG_INFORMATION_FORMAT = "dwarf-with-dsym";
				ENABLE_NS_ASSERTIONS = NO;
				ENABLE_STRICT_OBJC_MSGSEND = YES;
				ENABLE_USER_SCRIPT_SANDBOXING = YES;
				GCC_C_LANGUAGE_STANDARD = gnu17;
				GCC_NO_COMMON_BLOCKS = YES;
				GCC_WARN_64_TO_32_BIT_CONVERSION = YES;
				GCC_WARN_ABOUT_RETURN_TYPE = YES_ERROR;
				GCC_WARN_UNDECLARED_SELECTOR = YES;
				GCC_WARN_UNINITIALIZED_AUTOS = YES_AGGRESSIVE;
				GCC_WARN_UNUSED_FUNCTION = YES;
				GCC_WARN_UNUSED_VARIABLE = YES;
				LOCALIZATION_PREFERS_STRING_CATALOGS = YES;
				MACOSX_DEPLOYMENT_TARGET = 14.5;
				MTL_ENABLE_DEBUG_INFO = NO;
				MTL_FAST_MATH = YES;
				SDKROOT = macosx;
				SWIFT_COMPILATION_MODE = wholemodule;
			};
			name = Release;
		};
		D4D651182C429B2A0086FAC9 /* Debug */ = {
			isa = XCBuildConfiguration;
			buildSettings = {
				ASSETCATALOG_COMPILER_APPICON_NAME = AppIcon;
				ASSETCATALOG_COMPILER_GLOBAL_ACCENT_COLOR_NAME = AccentColor;
				CODE_SIGN_ENTITLEMENTS = Ingot/Ingot.entitlements;
				CODE_SIGN_STYLE = Automatic;
				COMBINE_HIDPI_IMAGES = YES;
				CURRENT_PROJECT_VERSION = 1;
				DEVELOPMENT_ASSET_PATHS = "\"Ingot/Preview Content\"";
				DEVELOPMENT_TEAM = DD983V4X84;
				ENABLE_HARDENED_RUNTIME = YES;
				ENABLE_PREVIEWS = YES;
				GCC_TREAT_WARNINGS_AS_ERRORS = YES;
				GENERATE_INFOPLIST_FILE = YES;
				INFOPLIST_KEY_NSHumanReadableCopyright = "";
				LD_RUNPATH_SEARCH_PATHS = (
					"$(inherited)",
					"@executable_path/../Frameworks",
				);
				MARKETING_VERSION = 1.0;
				PRODUCT_BUNDLE_IDENTIFIER = com.saganritual.Ingot;
				PRODUCT_NAME = "$(TARGET_NAME)";
				SWIFT_EMIT_LOC_STRINGS = YES;
				SWIFT_TREAT_WARNINGS_AS_ERRORS = YES;
				SWIFT_VERSION = 5.0;
			};
			name = Debug;
		};
		D4D651192C429B2A0086FAC9 /* Release */ = {
			isa = XCBuildConfiguration;
			buildSettings = {
				ASSETCATALOG_COMPILER_APPICON_NAME = AppIcon;
				ASSETCATALOG_COMPILER_GLOBAL_ACCENT_COLOR_NAME = AccentColor;
				CODE_SIGN_ENTITLEMENTS = Ingot/Ingot.entitlements;
				CODE_SIGN_STYLE = Automatic;
				COMBINE_HIDPI_IMAGES = YES;
				CURRENT_PROJECT_VERSION = 1;
				DEVELOPMENT_ASSET_PATHS = "\"Ingot/Preview Content\"";
				DEVELOPMENT_TEAM = DD983V4X84;
				ENABLE_HARDENED_RUNTIME = YES;
				ENABLE_PREVIEWS = YES;
				GCC_TREAT_WARNINGS_AS_ERRORS = YES;
				GENERATE_INFOPLIST_FILE = YES;
				INFOPLIST_KEY_NSHumanReadableCopyright = "";
				LD_RUNPATH_SEARCH_PATHS = (
					"$(inherited)",
					"@executable_path/../Frameworks",
				);
				MARKETING_VERSION = 1.0;
				PRODUCT_BUNDLE_IDENTIFIER = com.saganritual.Ingot;
				PRODUCT_NAME = "$(TARGET_NAME)";
				SWIFT_EMIT_LOC_STRINGS = YES;
				SWIFT_TREAT_WARNINGS_AS_ERRORS = YES;
				SWIFT_VERSION = 5.0;
			};
			name = Release;
		};
/* End XCBuildConfiguration section */

/* Begin XCConfigurationList section */
		D4D651032C429B280086FAC9 /* Build configuration list for PBXProject "Ingot" */ = {
			isa = XCConfigurationList;
			buildConfigurations = (
				D4D651152C429B2A0086FAC9 /* Debug */,
				D4D651162C429B2A0086FAC9 /* Release */,
			);
			defaultConfigurationIsVisible = 0;
			defaultConfigurationName = Release;
		};
		D4D651172C429B2A0086FAC9 /* Build configuration list for PBXNativeTarget "Ingot" */ = {
			isa = XCConfigurationList;
			buildConfigurations = (
				D4D651182C429B2A0086FAC9 /* Debug */,
				D4D651192C429B2A0086FAC9 /* Release */,
			);
			defaultConfigurationIsVisible = 0;
			defaultConfigurationName = Release;
		};
/* End XCConfigurationList section */

/* Begin XCRemoteSwiftPackageReference section */
		D4D651C62C429C440086FAC9 /* XCRemoteSwiftPackageReference "SwiftLintPlugins" */ = {
			isa = XCRemoteSwiftPackageReference;
			repositoryURL = "https://github.com/SimplyDanny/SwiftLintPlugins";
			requirement = {
				kind = upToNextMajorVersion;
				minimumVersion = 0.55.1;
			};
		};
/* End XCRemoteSwiftPackageReference section */
	};
	rootObject = D4D651002C429B280086FAC9 /* Project object */;
}
