// !$*UTF8*$!
{
	archiveVersion = 1;
	classes = {
	};
	objectVersion = 56;
	objects = {

/* Begin PBXBuildFile section */
		D46584E62C2CD73800BC19E7 /* ConfigurationTabView.swift in Sources */ = {isa = PBXBuildFile; fileRef = D46584E52C2CD73800BC19E7 /* ConfigurationTabView.swift */; };
		D49BD4FB2C2A7E8400FD313C /* PhysicsJointView.swift in Sources */ = {isa = PBXBuildFile; fileRef = D49BD4FA2C2A7E8400FD313C /* PhysicsJointView.swift */; };
		D49BD4FF2C2B218900FD313C /* CommandView.swift in Sources */ = {isa = PBXBuildFile; fileRef = D49BD4FE2C2B218900FD313C /* CommandView.swift */; };
		D49BD5932C2BA92000FD313C /* Sprites in Resources */ = {isa = PBXBuildFile; fileRef = D49BD5922C2BA91F00FD313C /* Sprites */; };
		D49BD59B2C2C10D800FD313C /* Assets.xcassets in Resources */ = {isa = PBXBuildFile; fileRef = D49BD59A2C2C10D800FD313C /* Assets.xcassets */; };
		D49BD5AC2C2C3EAA00FD313C /* GameControllerTestView.swift in Sources */ = {isa = PBXBuildFile; fileRef = D49BD5AB2C2C3EAA00FD313C /* GameControllerTestView.swift */; };
		D49BD5AF2C2C40FC00FD313C /* GameEntity.swift in Sources */ = {isa = PBXBuildFile; fileRef = D49BD5AE2C2C40FC00FD313C /* GameEntity.swift */; };
		D49BD5B32C2C4B4100FD313C /* SelectionHalo.swift in Sources */ = {isa = PBXBuildFile; fileRef = D49BD5B02C2C4B4100FD313C /* SelectionHalo.swift */; };
		D49BD5B42C2C4B4100FD313C /* SelectionHaloRS.swift in Sources */ = {isa = PBXBuildFile; fileRef = D49BD5B12C2C4B4100FD313C /* SelectionHaloRS.swift */; };
		D49BD5B62C2C4B8800FD313C /* GameEntitySprite.swift in Sources */ = {isa = PBXBuildFile; fileRef = D49BD5B52C2C4B8800FD313C /* GameEntitySprite.swift */; };
		D49BD5B82C2C4CCB00FD313C /* Gremlin.swift in Sources */ = {isa = PBXBuildFile; fileRef = D49BD5B72C2C4CCB00FD313C /* Gremlin.swift */; };
		D49BD5BB2C2C4D8900FD313C /* SKNode+Extensions.swift in Sources */ = {isa = PBXBuildFile; fileRef = D49BD5BA2C2C4D8900FD313C /* SKNode+Extensions.swift */; };
		D49BD5BF2C2C602200FD313C /* Waypoint.swift in Sources */ = {isa = PBXBuildFile; fileRef = D49BD5BE2C2C602200FD313C /* Waypoint.swift */; };
		D49BD5C12C2C628200FD313C /* Vertex.swift in Sources */ = {isa = PBXBuildFile; fileRef = D49BD5C02C2C628200FD313C /* Vertex.swift */; };
		D49BD5C32C2C645500FD313C /* Field.swift in Sources */ = {isa = PBXBuildFile; fileRef = D49BD5C22C2C645500FD313C /* Field.swift */; };
		D49BD5C52C2C66C300FD313C /* Joint.swift in Sources */ = {isa = PBXBuildFile; fileRef = D49BD5C42C2C66C300FD313C /* Joint.swift */; };
		D49BD5C72C2C67DB00FD313C /* SpriteKitView.swift in Sources */ = {isa = PBXBuildFile; fileRef = D49BD5C62C2C67DB00FD313C /* SpriteKitView.swift */; };
		D49BD5C92C2C682500FD313C /* GameScene.swift in Sources */ = {isa = PBXBuildFile; fileRef = D49BD5C82C2C682500FD313C /* GameScene.swift */; };
		D49BD5CB2C2C682B00FD313C /* GameScene+Mouse.swift in Sources */ = {isa = PBXBuildFile; fileRef = D49BD5CA2C2C682B00FD313C /* GameScene+Mouse.swift */; };
		D49BD5D02C2C683700FD313C /* ClickDispatch.swift in Sources */ = {isa = PBXBuildFile; fileRef = D49BD5CC2C2C683700FD313C /* ClickDispatch.swift */; };
		D49BD5D12C2C683700FD313C /* DragDispatch.swift in Sources */ = {isa = PBXBuildFile; fileRef = D49BD5CD2C2C683700FD313C /* DragDispatch.swift */; };
		D49BD5D22C2C683700FD313C /* MouseDispatch.swift in Sources */ = {isa = PBXBuildFile; fileRef = D49BD5CE2C2C683700FD313C /* MouseDispatch.swift */; };
		D49BD5D42C2C684400FD313C /* SelectionMarquee.swift in Sources */ = {isa = PBXBuildFile; fileRef = D49BD5D32C2C684400FD313C /* SelectionMarquee.swift */; };
		D49BD5D62C2C698F00FD313C /* GameController+Drag.swift in Sources */ = {isa = PBXBuildFile; fileRef = D49BD5D52C2C698F00FD313C /* GameController+Drag.swift */; };
		D49BD5D82C2C69C700FD313C /* GameController+Select.swift in Sources */ = {isa = PBXBuildFile; fileRef = D49BD5D72C2C69C700FD313C /* GameController+Select.swift */; };
		D49BD5DA2C2C9A8A00FD313C /* PlaygroundStatusView.swift in Sources */ = {isa = PBXBuildFile; fileRef = D49BD5D92C2C9A8900FD313C /* PlaygroundStatusView.swift */; };
		D4A621A42C28CB0300C3F89A /* ActionsTabView.swift in Sources */ = {isa = PBXBuildFile; fileRef = D4A621A32C28CB0300C3F89A /* ActionsTabView.swift */; };
		D4A621A62C28E45D00C3F89A /* PhysicsWorldView.swift in Sources */ = {isa = PBXBuildFile; fileRef = D4A621A52C28E45D00C3F89A /* PhysicsWorldView.swift */; };
		D4A621A92C29172D00C3F89A /* PhysicsTabView.swift in Sources */ = {isa = PBXBuildFile; fileRef = D4A621A82C29172D00C3F89A /* PhysicsTabView.swift */; };
		D4A621AB2C2917CA00C3F89A /* PhysicsBodyView.swift in Sources */ = {isa = PBXBuildFile; fileRef = D4A621AA2C2917CA00C3F89A /* PhysicsBodyView.swift */; };
		D4A621AD2C29184600C3F89A /* BasicScalarSlider.swift in Sources */ = {isa = PBXBuildFile; fileRef = D4A621AC2C29184600C3F89A /* BasicScalarSlider.swift */; };
		D4D1F0672C27BA8800003163 /* IngotApp.swift in Sources */ = {isa = PBXBuildFile; fileRef = D4D1F0662C27BA8800003163 /* IngotApp.swift */; };
		D4D1F0692C27BA8800003163 /* ContentView.swift in Sources */ = {isa = PBXBuildFile; fileRef = D4D1F0682C27BA8800003163 /* ContentView.swift */; };
		D4D1F06E2C27BA8900003163 /* Preview Assets.xcassets in Resources */ = {isa = PBXBuildFile; fileRef = D4D1F06D2C27BA8900003163 /* Preview Assets.xcassets */; };
		D4D1F0762C27BAE700003163 /* ActionTokenView.swift in Sources */ = {isa = PBXBuildFile; fileRef = D4D1F0752C27BAE700003163 /* ActionTokenView.swift */; };
		D4D1F0782C27BAF900003163 /* Utility.swift in Sources */ = {isa = PBXBuildFile; fileRef = D4D1F0772C27BAF900003163 /* Utility.swift */; };
		D4D1F07B2C27BB2D00003163 /* MoveActionTokenView.swift in Sources */ = {isa = PBXBuildFile; fileRef = D4D1F07A2C27BB2D00003163 /* MoveActionTokenView.swift */; };
		D4D1F07D2C27BBDE00003163 /* RotateActionTokenView.swift in Sources */ = {isa = PBXBuildFile; fileRef = D4D1F07C2C27BBDE00003163 /* RotateActionTokenView.swift */; };
		D4D1F07F2C27BD7300003163 /* ScaleActionTokenView.swift in Sources */ = {isa = PBXBuildFile; fileRef = D4D1F07E2C27BD7300003163 /* ScaleActionTokenView.swift */; };
		D4D1F0812C27BF7500003163 /* ActionTokensScrollView.swift in Sources */ = {isa = PBXBuildFile; fileRef = D4D1F0802C27BF7500003163 /* ActionTokensScrollView.swift */; };
		D4D1F0842C27BFBE00003163 /* ActionToken.swift in Sources */ = {isa = PBXBuildFile; fileRef = D4D1F0822C27BFBE00003163 /* ActionToken.swift */; };
		D4D1F0862C27BFF300003163 /* PlaygroundState.swift in Sources */ = {isa = PBXBuildFile; fileRef = D4D1F0852C27BFF300003163 /* PlaygroundState.swift */; };
		D4D1F0882C27C4B400003163 /* ForceActionTokenView.swift in Sources */ = {isa = PBXBuildFile; fileRef = D4D1F0872C27C4B400003163 /* ForceActionTokenView.swift */; };
		D4D1F08A2C27C4BF00003163 /* TorqueActionTokenView.swift in Sources */ = {isa = PBXBuildFile; fileRef = D4D1F0892C27C4BF00003163 /* TorqueActionTokenView.swift */; };
		D4D1F08C2C27C4C800003163 /* ImpulseActionTokenView.swift in Sources */ = {isa = PBXBuildFile; fileRef = D4D1F08B2C27C4C800003163 /* ImpulseActionTokenView.swift */; };
		D4D1F08E2C27C4D500003163 /* AngularImpulseActionTokenView.swift in Sources */ = {isa = PBXBuildFile; fileRef = D4D1F08D2C27C4D500003163 /* AngularImpulseActionTokenView.swift */; };
		D4D1F0922C28A15200003163 /* Slider2DView.swift in Sources */ = {isa = PBXBuildFile; fileRef = D4D1F0912C28A15200003163 /* Slider2DView.swift */; };
		D4D1F0942C28A2FE00003163 /* CoreGraphics+Extensions.swift in Sources */ = {isa = PBXBuildFile; fileRef = D4D1F0932C28A2FE00003163 /* CoreGraphics+Extensions.swift */; };
		D4D1F0972C28B38100003163 /* SpaceActionsTabView.swift in Sources */ = {isa = PBXBuildFile; fileRef = D4D1F0962C28B38100003163 /* SpaceActionsTabView.swift */; };
		D4D1F0992C28B3D600003163 /* GameController.swift in Sources */ = {isa = PBXBuildFile; fileRef = D4D1F0982C28B3D600003163 /* GameController.swift */; };
		D4D1F09B2C28B47100003163 /* PhysicsActionsTabView.swift in Sources */ = {isa = PBXBuildFile; fileRef = D4D1F09A2C28B47100003163 /* PhysicsActionsTabView.swift */; };
		D4DE8B332C29D4280075F4B7 /* PhysicsBodyCategoriesView.swift in Sources */ = {isa = PBXBuildFile; fileRef = D4DE8B322C29D4280075F4B7 /* PhysicsBodyCategoriesView.swift */; };
		D4DE8B3C2C29E0990075F4B7 /* PhysicsFieldView.swift in Sources */ = {isa = PBXBuildFile; fileRef = D4DE8B3B2C29E0990075F4B7 /* PhysicsFieldView.swift */; };
		D4DE8B412C29E6440075F4B7 /* PhysicsBodyState.swift in Sources */ = {isa = PBXBuildFile; fileRef = D4DE8B402C29E6440075F4B7 /* PhysicsBodyState.swift */; };
		D4DE8B432C2A25060075F4B7 /* CheckboxPicker.swift in Sources */ = {isa = PBXBuildFile; fileRef = D4DE8B422C2A25060075F4B7 /* CheckboxPicker.swift */; };
		D4EC5E512C2DC91C00E20EC7 /* CommandSelection.swift in Sources */ = {isa = PBXBuildFile; fileRef = D4EC5E502C2DC91C00E20EC7 /* CommandSelection.swift */; };
		D4EC5E532C2DC9F300E20EC7 /* DashboardView.swift in Sources */ = {isa = PBXBuildFile; fileRef = D4EC5E522C2DC9F300E20EC7 /* DashboardView.swift */; };
		D4EC5E552C2DE4E300E20EC7 /* EntityActionsPublisher.swift in Sources */ = {isa = PBXBuildFile; fileRef = D4EC5E542C2DE4E300E20EC7 /* EntityActionsPublisher.swift */; };
		D4EC5E572C2DE70900E20EC7 /* SpaceActionsState.swift in Sources */ = {isa = PBXBuildFile; fileRef = D4EC5E562C2DE70900E20EC7 /* SpaceActionsState.swift */; };
		D4EC5E592C2DE7E100E20EC7 /* PhysicsFieldState.swift in Sources */ = {isa = PBXBuildFile; fileRef = D4EC5E582C2DE7E100E20EC7 /* PhysicsFieldState.swift */; };
		D4EC5E5B2C2DE9E100E20EC7 /* PhysicsMaskCategories.swift in Sources */ = {isa = PBXBuildFile; fileRef = D4EC5E5A2C2DE9E100E20EC7 /* PhysicsMaskCategories.swift */; };
		D4EC5E5D2C2DEC1700E20EC7 /* EntitySelectionState.swift in Sources */ = {isa = PBXBuildFile; fileRef = D4EC5E5C2C2DEC1700E20EC7 /* EntitySelectionState.swift */; };
		D4EC5E5F2C2DED3B00E20EC7 /* PhysicsWorldState.swift in Sources */ = {isa = PBXBuildFile; fileRef = D4EC5E5E2C2DED3B00E20EC7 /* PhysicsWorldState.swift */; };
		D4EC5E612C2DF84600E20EC7 /* GameController+Click.swift in Sources */ = {isa = PBXBuildFile; fileRef = D4EC5E602C2DF84600E20EC7 /* GameController+Click.swift */; };
/* End PBXBuildFile section */

/* Begin PBXFileReference section */
		D46584E52C2CD73800BC19E7 /* ConfigurationTabView.swift */ = {isa = PBXFileReference; lastKnownFileType = sourcecode.swift; path = ConfigurationTabView.swift; sourceTree = "<group>"; };
		D49BD4FA2C2A7E8400FD313C /* PhysicsJointView.swift */ = {isa = PBXFileReference; lastKnownFileType = sourcecode.swift; path = PhysicsJointView.swift; sourceTree = "<group>"; };
		D49BD4FC2C2AC29600FD313C /* UXScenarios.md */ = {isa = PBXFileReference; lastKnownFileType = net.daringfireball.markdown; path = UXScenarios.md; sourceTree = "<group>"; };
		D49BD4FE2C2B218900FD313C /* CommandView.swift */ = {isa = PBXFileReference; lastKnownFileType = sourcecode.swift; path = CommandView.swift; sourceTree = "<group>"; };
		D49BD5922C2BA91F00FD313C /* Sprites */ = {isa = PBXFileReference; lastKnownFileType = folder; name = Sprites; path = Ingot/Sprites; sourceTree = SOURCE_ROOT; };
		D49BD59A2C2C10D800FD313C /* Assets.xcassets */ = {isa = PBXFileReference; lastKnownFileType = folder.assetcatalog; path = Assets.xcassets; sourceTree = "<group>"; };
		D49BD5AB2C2C3EAA00FD313C /* GameControllerTestView.swift */ = {isa = PBXFileReference; lastKnownFileType = sourcecode.swift; path = GameControllerTestView.swift; sourceTree = "<group>"; };
		D49BD5AE2C2C40FC00FD313C /* GameEntity.swift */ = {isa = PBXFileReference; fileEncoding = 4; lastKnownFileType = sourcecode.swift; path = GameEntity.swift; sourceTree = "<group>"; };
		D49BD5B02C2C4B4100FD313C /* SelectionHalo.swift */ = {isa = PBXFileReference; fileEncoding = 4; lastKnownFileType = sourcecode.swift; path = SelectionHalo.swift; sourceTree = "<group>"; };
		D49BD5B12C2C4B4100FD313C /* SelectionHaloRS.swift */ = {isa = PBXFileReference; fileEncoding = 4; lastKnownFileType = sourcecode.swift; path = SelectionHaloRS.swift; sourceTree = "<group>"; };
		D49BD5B52C2C4B8800FD313C /* GameEntitySprite.swift */ = {isa = PBXFileReference; fileEncoding = 4; lastKnownFileType = sourcecode.swift; path = GameEntitySprite.swift; sourceTree = "<group>"; };
		D49BD5B72C2C4CCB00FD313C /* Gremlin.swift */ = {isa = PBXFileReference; fileEncoding = 4; lastKnownFileType = sourcecode.swift; path = Gremlin.swift; sourceTree = "<group>"; };
		D49BD5BA2C2C4D8900FD313C /* SKNode+Extensions.swift */ = {isa = PBXFileReference; fileEncoding = 4; lastKnownFileType = sourcecode.swift; path = "SKNode+Extensions.swift"; sourceTree = "<group>"; };
		D49BD5BE2C2C602200FD313C /* Waypoint.swift */ = {isa = PBXFileReference; lastKnownFileType = sourcecode.swift; path = Waypoint.swift; sourceTree = "<group>"; };
		D49BD5C02C2C628200FD313C /* Vertex.swift */ = {isa = PBXFileReference; lastKnownFileType = sourcecode.swift; path = Vertex.swift; sourceTree = "<group>"; };
		D49BD5C22C2C645500FD313C /* Field.swift */ = {isa = PBXFileReference; lastKnownFileType = sourcecode.swift; path = Field.swift; sourceTree = "<group>"; };
		D49BD5C42C2C66C300FD313C /* Joint.swift */ = {isa = PBXFileReference; lastKnownFileType = sourcecode.swift; path = Joint.swift; sourceTree = "<group>"; };
		D49BD5C62C2C67DB00FD313C /* SpriteKitView.swift */ = {isa = PBXFileReference; fileEncoding = 4; lastKnownFileType = sourcecode.swift; path = SpriteKitView.swift; sourceTree = "<group>"; };
		D49BD5C82C2C682500FD313C /* GameScene.swift */ = {isa = PBXFileReference; fileEncoding = 4; lastKnownFileType = sourcecode.swift; path = GameScene.swift; sourceTree = "<group>"; };
		D49BD5CA2C2C682B00FD313C /* GameScene+Mouse.swift */ = {isa = PBXFileReference; fileEncoding = 4; lastKnownFileType = sourcecode.swift; path = "GameScene+Mouse.swift"; sourceTree = "<group>"; };
		D49BD5CC2C2C683700FD313C /* ClickDispatch.swift */ = {isa = PBXFileReference; fileEncoding = 4; lastKnownFileType = sourcecode.swift; path = ClickDispatch.swift; sourceTree = "<group>"; };
		D49BD5CD2C2C683700FD313C /* DragDispatch.swift */ = {isa = PBXFileReference; fileEncoding = 4; lastKnownFileType = sourcecode.swift; path = DragDispatch.swift; sourceTree = "<group>"; };
		D49BD5CE2C2C683700FD313C /* MouseDispatch.swift */ = {isa = PBXFileReference; fileEncoding = 4; lastKnownFileType = sourcecode.swift; path = MouseDispatch.swift; sourceTree = "<group>"; };
		D49BD5D32C2C684400FD313C /* SelectionMarquee.swift */ = {isa = PBXFileReference; fileEncoding = 4; lastKnownFileType = sourcecode.swift; path = SelectionMarquee.swift; sourceTree = "<group>"; };
		D49BD5D52C2C698F00FD313C /* GameController+Drag.swift */ = {isa = PBXFileReference; lastKnownFileType = sourcecode.swift; path = "GameController+Drag.swift"; sourceTree = "<group>"; };
		D49BD5D72C2C69C700FD313C /* GameController+Select.swift */ = {isa = PBXFileReference; lastKnownFileType = sourcecode.swift; path = "GameController+Select.swift"; sourceTree = "<group>"; };
		D49BD5D92C2C9A8900FD313C /* PlaygroundStatusView.swift */ = {isa = PBXFileReference; fileEncoding = 4; lastKnownFileType = sourcecode.swift; path = PlaygroundStatusView.swift; sourceTree = "<group>"; };
		D4A621A32C28CB0300C3F89A /* ActionsTabView.swift */ = {isa = PBXFileReference; fileEncoding = 4; lastKnownFileType = sourcecode.swift; path = ActionsTabView.swift; sourceTree = "<group>"; };
		D4A621A52C28E45D00C3F89A /* PhysicsWorldView.swift */ = {isa = PBXFileReference; lastKnownFileType = sourcecode.swift; path = PhysicsWorldView.swift; sourceTree = "<group>"; };
		D4A621A82C29172D00C3F89A /* PhysicsTabView.swift */ = {isa = PBXFileReference; lastKnownFileType = sourcecode.swift; path = PhysicsTabView.swift; sourceTree = "<group>"; };
		D4A621AA2C2917CA00C3F89A /* PhysicsBodyView.swift */ = {isa = PBXFileReference; lastKnownFileType = sourcecode.swift; path = PhysicsBodyView.swift; sourceTree = "<group>"; };
		D4A621AC2C29184600C3F89A /* BasicScalarSlider.swift */ = {isa = PBXFileReference; lastKnownFileType = sourcecode.swift; path = BasicScalarSlider.swift; sourceTree = "<group>"; };
		D4D1F0632C27BA8800003163 /* Ingot.app */ = {isa = PBXFileReference; explicitFileType = wrapper.application; includeInIndex = 0; path = Ingot.app; sourceTree = BUILT_PRODUCTS_DIR; };
		D4D1F0662C27BA8800003163 /* IngotApp.swift */ = {isa = PBXFileReference; lastKnownFileType = sourcecode.swift; path = IngotApp.swift; sourceTree = "<group>"; };
		D4D1F0682C27BA8800003163 /* ContentView.swift */ = {isa = PBXFileReference; lastKnownFileType = sourcecode.swift; path = ContentView.swift; sourceTree = "<group>"; };
		D4D1F06D2C27BA8900003163 /* Preview Assets.xcassets */ = {isa = PBXFileReference; lastKnownFileType = folder.assetcatalog; path = "Preview Assets.xcassets"; sourceTree = "<group>"; };
		D4D1F06F2C27BA8900003163 /* Ingot.entitlements */ = {isa = PBXFileReference; lastKnownFileType = text.plist.entitlements; path = Ingot.entitlements; sourceTree = "<group>"; };
		D4D1F0752C27BAE700003163 /* ActionTokenView.swift */ = {isa = PBXFileReference; fileEncoding = 4; lastKnownFileType = sourcecode.swift; path = ActionTokenView.swift; sourceTree = "<group>"; };
		D4D1F0772C27BAF900003163 /* Utility.swift */ = {isa = PBXFileReference; fileEncoding = 4; lastKnownFileType = sourcecode.swift; path = Utility.swift; sourceTree = "<group>"; };
		D4D1F07A2C27BB2D00003163 /* MoveActionTokenView.swift */ = {isa = PBXFileReference; lastKnownFileType = sourcecode.swift; path = MoveActionTokenView.swift; sourceTree = "<group>"; };
		D4D1F07C2C27BBDE00003163 /* RotateActionTokenView.swift */ = {isa = PBXFileReference; lastKnownFileType = sourcecode.swift; path = RotateActionTokenView.swift; sourceTree = "<group>"; };
		D4D1F07E2C27BD7300003163 /* ScaleActionTokenView.swift */ = {isa = PBXFileReference; lastKnownFileType = sourcecode.swift; path = ScaleActionTokenView.swift; sourceTree = "<group>"; };
		D4D1F0802C27BF7500003163 /* ActionTokensScrollView.swift */ = {isa = PBXFileReference; fileEncoding = 4; lastKnownFileType = sourcecode.swift; path = ActionTokensScrollView.swift; sourceTree = "<group>"; };
		D4D1F0822C27BFBE00003163 /* ActionToken.swift */ = {isa = PBXFileReference; fileEncoding = 4; lastKnownFileType = sourcecode.swift; path = ActionToken.swift; sourceTree = "<group>"; };
		D4D1F0852C27BFF300003163 /* PlaygroundState.swift */ = {isa = PBXFileReference; fileEncoding = 4; lastKnownFileType = sourcecode.swift; path = PlaygroundState.swift; sourceTree = "<group>"; };
		D4D1F0872C27C4B400003163 /* ForceActionTokenView.swift */ = {isa = PBXFileReference; lastKnownFileType = sourcecode.swift; path = ForceActionTokenView.swift; sourceTree = "<group>"; };
		D4D1F0892C27C4BF00003163 /* TorqueActionTokenView.swift */ = {isa = PBXFileReference; lastKnownFileType = sourcecode.swift; path = TorqueActionTokenView.swift; sourceTree = "<group>"; };
		D4D1F08B2C27C4C800003163 /* ImpulseActionTokenView.swift */ = {isa = PBXFileReference; lastKnownFileType = sourcecode.swift; path = ImpulseActionTokenView.swift; sourceTree = "<group>"; };
		D4D1F08D2C27C4D500003163 /* AngularImpulseActionTokenView.swift */ = {isa = PBXFileReference; lastKnownFileType = sourcecode.swift; path = AngularImpulseActionTokenView.swift; sourceTree = "<group>"; };
		D4D1F0912C28A15200003163 /* Slider2DView.swift */ = {isa = PBXFileReference; fileEncoding = 4; lastKnownFileType = sourcecode.swift; path = Slider2DView.swift; sourceTree = "<group>"; };
		D4D1F0932C28A2FE00003163 /* CoreGraphics+Extensions.swift */ = {isa = PBXFileReference; fileEncoding = 4; lastKnownFileType = sourcecode.swift; path = "CoreGraphics+Extensions.swift"; sourceTree = "<group>"; };
		D4D1F0962C28B38100003163 /* SpaceActionsTabView.swift */ = {isa = PBXFileReference; fileEncoding = 4; lastKnownFileType = sourcecode.swift; path = SpaceActionsTabView.swift; sourceTree = "<group>"; };
		D4D1F0982C28B3D600003163 /* GameController.swift */ = {isa = PBXFileReference; lastKnownFileType = sourcecode.swift; path = GameController.swift; sourceTree = "<group>"; };
		D4D1F09A2C28B47100003163 /* PhysicsActionsTabView.swift */ = {isa = PBXFileReference; fileEncoding = 4; lastKnownFileType = sourcecode.swift; path = PhysicsActionsTabView.swift; sourceTree = "<group>"; };
		D4DE8B322C29D4280075F4B7 /* PhysicsBodyCategoriesView.swift */ = {isa = PBXFileReference; lastKnownFileType = sourcecode.swift; path = PhysicsBodyCategoriesView.swift; sourceTree = "<group>"; };
		D4DE8B3B2C29E0990075F4B7 /* PhysicsFieldView.swift */ = {isa = PBXFileReference; lastKnownFileType = sourcecode.swift; path = PhysicsFieldView.swift; sourceTree = "<group>"; };
		D4DE8B402C29E6440075F4B7 /* PhysicsBodyState.swift */ = {isa = PBXFileReference; lastKnownFileType = sourcecode.swift; path = PhysicsBodyState.swift; sourceTree = "<group>"; };
		D4DE8B422C2A25060075F4B7 /* CheckboxPicker.swift */ = {isa = PBXFileReference; lastKnownFileType = sourcecode.swift; path = CheckboxPicker.swift; sourceTree = "<group>"; };
		D4EC5E502C2DC91C00E20EC7 /* CommandSelection.swift */ = {isa = PBXFileReference; lastKnownFileType = sourcecode.swift; path = CommandSelection.swift; sourceTree = "<group>"; };
		D4EC5E522C2DC9F300E20EC7 /* DashboardView.swift */ = {isa = PBXFileReference; lastKnownFileType = sourcecode.swift; path = DashboardView.swift; sourceTree = "<group>"; };
		D4EC5E542C2DE4E300E20EC7 /* EntityActionsPublisher.swift */ = {isa = PBXFileReference; lastKnownFileType = sourcecode.swift; path = EntityActionsPublisher.swift; sourceTree = "<group>"; };
		D4EC5E562C2DE70900E20EC7 /* SpaceActionsState.swift */ = {isa = PBXFileReference; lastKnownFileType = sourcecode.swift; path = SpaceActionsState.swift; sourceTree = "<group>"; };
		D4EC5E582C2DE7E100E20EC7 /* PhysicsFieldState.swift */ = {isa = PBXFileReference; lastKnownFileType = sourcecode.swift; path = PhysicsFieldState.swift; sourceTree = "<group>"; };
		D4EC5E5A2C2DE9E100E20EC7 /* PhysicsMaskCategories.swift */ = {isa = PBXFileReference; lastKnownFileType = sourcecode.swift; path = PhysicsMaskCategories.swift; sourceTree = "<group>"; };
		D4EC5E5C2C2DEC1700E20EC7 /* EntitySelectionState.swift */ = {isa = PBXFileReference; lastKnownFileType = sourcecode.swift; path = EntitySelectionState.swift; sourceTree = "<group>"; };
		D4EC5E5E2C2DED3B00E20EC7 /* PhysicsWorldState.swift */ = {isa = PBXFileReference; lastKnownFileType = sourcecode.swift; path = PhysicsWorldState.swift; sourceTree = "<group>"; };
		D4EC5E602C2DF84600E20EC7 /* GameController+Click.swift */ = {isa = PBXFileReference; lastKnownFileType = sourcecode.swift; path = "GameController+Click.swift"; sourceTree = "<group>"; };
/* End PBXFileReference section */

/* Begin PBXFrameworksBuildPhase section */
		D4D1F0602C27BA8800003163 /* Frameworks */ = {
			isa = PBXFrameworksBuildPhase;
			buildActionMask = 2147483647;
			files = (
			);
			runOnlyForDeploymentPostprocessing = 0;
		};
/* End PBXFrameworksBuildPhase section */

/* Begin PBXGroup section */
		D49BD4FD2C2B212C00FD313C /* Documentation */ = {
			isa = PBXGroup;
			children = (
				D49BD4FC2C2AC29600FD313C /* UXScenarios.md */,
			);
			path = Documentation;
			sourceTree = "<group>";
		};
		D49BD5AD2C2C40DF00FD313C /* GameEntity */ = {
			isa = PBXGroup;
			children = (
				D49BD5C22C2C645500FD313C /* Field.swift */,
				D49BD5AE2C2C40FC00FD313C /* GameEntity.swift */,
				D49BD5B52C2C4B8800FD313C /* GameEntitySprite.swift */,
				D49BD5B72C2C4CCB00FD313C /* Gremlin.swift */,
				D49BD5C42C2C66C300FD313C /* Joint.swift */,
				D49BD5C02C2C628200FD313C /* Vertex.swift */,
				D49BD5BE2C2C602200FD313C /* Waypoint.swift */,
			);
			path = GameEntity;
			sourceTree = "<group>";
		};
		D49BD5B22C2C4B4100FD313C /* Halo */ = {
			isa = PBXGroup;
			children = (
				D49BD5B02C2C4B4100FD313C /* SelectionHalo.swift */,
				D49BD5B12C2C4B4100FD313C /* SelectionHaloRS.swift */,
			);
			path = Halo;
			sourceTree = "<group>";
		};
		D49BD5B92C2C4D7000FD313C /* Extension */ = {
			isa = PBXGroup;
			children = (
				D4D1F0932C28A2FE00003163 /* CoreGraphics+Extensions.swift */,
				D49BD5BA2C2C4D8900FD313C /* SKNode+Extensions.swift */,
			);
			path = Extension;
			sourceTree = "<group>";
		};
		D49BD5CF2C2C683700FD313C /* MouseInput */ = {
			isa = PBXGroup;
			children = (
				D49BD5CC2C2C683700FD313C /* ClickDispatch.swift */,
				D49BD5CD2C2C683700FD313C /* DragDispatch.swift */,
				D49BD5CE2C2C683700FD313C /* MouseDispatch.swift */,
			);
			path = MouseInput;
			sourceTree = "<group>";
		};
		D4A621A72C28E46500C3F89A /* Dashboard */ = {
			isa = PBXGroup;
			children = (
				D4DE8B372C29DFBD0075F4B7 /* Actions */,
				D4DE8B3A2C29E0010075F4B7 /* OtherPhysics */,
				D4DE8B362C29DED30075F4B7 /* PhysicsBody */,
			);
			path = Dashboard;
			sourceTree = "<group>";
		};
		D4D1F05A2C27BA8800003163 = {
			isa = PBXGroup;
			children = (
				D4D1F0652C27BA8800003163 /* Ingot */,
				D4D1F0642C27BA8800003163 /* Products */,
			);
			sourceTree = "<group>";
		};
		D4D1F0642C27BA8800003163 /* Products */ = {
			isa = PBXGroup;
			children = (
				D4D1F0632C27BA8800003163 /* Ingot.app */,
			);
			name = Products;
			sourceTree = "<group>";
		};
		D4D1F0652C27BA8800003163 /* Ingot */ = {
			isa = PBXGroup;
			children = (
				D4D1F0832C27BFBE00003163 /* ActionToken */,
				D49BD4FD2C2B212C00FD313C /* Documentation */,
				D49BD5B92C2C4D7000FD313C /* Extension */,
				D49BD5AD2C2C40DF00FD313C /* GameEntity */,
				D49BD5B22C2C4B4100FD313C /* Halo */,
				D49BD5CF2C2C683700FD313C /* MouseInput */,
				D4EC5E4F2C2DC8FE00E20EC7 /* StateObject */,
				D4D1F0952C28B31F00003163 /* View */,
				D4D1F0982C28B3D600003163 /* GameController.swift */,
				D4EC5E602C2DF84600E20EC7 /* GameController+Click.swift */,
				D49BD5D52C2C698F00FD313C /* GameController+Drag.swift */,
				D49BD5D72C2C69C700FD313C /* GameController+Select.swift */,
				D49BD5C82C2C682500FD313C /* GameScene.swift */,
				D49BD5CA2C2C682B00FD313C /* GameScene+Mouse.swift */,
				D4D1F0662C27BA8800003163 /* IngotApp.swift */,
				D49BD5D32C2C684400FD313C /* SelectionMarquee.swift */,
				D4D1F0772C27BAF900003163 /* Utility.swift */,
				D49BD59A2C2C10D800FD313C /* Assets.xcassets */,
				D4D1F06F2C27BA8900003163 /* Ingot.entitlements */,
				D4D1F06C2C27BA8900003163 /* Preview Content */,
				D49BD5922C2BA91F00FD313C /* Sprites */,
			);
			path = Ingot;
			sourceTree = "<group>";
		};
		D4D1F06C2C27BA8900003163 /* Preview Content */ = {
			isa = PBXGroup;
			children = (
				D4D1F06D2C27BA8900003163 /* Preview Assets.xcassets */,
			);
			path = "Preview Content";
			sourceTree = "<group>";
		};
		D4D1F0792C27BB1900003163 /* ActionTokenView */ = {
			isa = PBXGroup;
			children = (
				D4D1F0752C27BAE700003163 /* ActionTokenView.swift */,
				D4D1F0802C27BF7500003163 /* ActionTokensScrollView.swift */,
				D4D1F08D2C27C4D500003163 /* AngularImpulseActionTokenView.swift */,
				D4D1F0872C27C4B400003163 /* ForceActionTokenView.swift */,
				D4D1F08B2C27C4C800003163 /* ImpulseActionTokenView.swift */,
				D4D1F07A2C27BB2D00003163 /* MoveActionTokenView.swift */,
				D4D1F07C2C27BBDE00003163 /* RotateActionTokenView.swift */,
				D4D1F07E2C27BD7300003163 /* ScaleActionTokenView.swift */,
				D4D1F0892C27C4BF00003163 /* TorqueActionTokenView.swift */,
			);
			path = ActionTokenView;
			sourceTree = "<group>";
		};
		D4D1F0832C27BFBE00003163 /* ActionToken */ = {
			isa = PBXGroup;
			children = (
				D4D1F0822C27BFBE00003163 /* ActionToken.swift */,
			);
			path = ActionToken;
			sourceTree = "<group>";
		};
		D4D1F0952C28B31F00003163 /* View */ = {
			isa = PBXGroup;
			children = (
				D4D1F0792C27BB1900003163 /* ActionTokenView */,
				D4A621A72C28E46500C3F89A /* Dashboard */,
				D4A621AC2C29184600C3F89A /* BasicScalarSlider.swift */,
				D4DE8B422C2A25060075F4B7 /* CheckboxPicker.swift */,
				D49BD4FE2C2B218900FD313C /* CommandView.swift */,
				D46584E52C2CD73800BC19E7 /* ConfigurationTabView.swift */,
				D4D1F0682C27BA8800003163 /* ContentView.swift */,
				D4EC5E522C2DC9F300E20EC7 /* DashboardView.swift */,
				D49BD5AB2C2C3EAA00FD313C /* GameControllerTestView.swift */,
				D49BD5D92C2C9A8900FD313C /* PlaygroundStatusView.swift */,
				D4D1F0912C28A15200003163 /* Slider2DView.swift */,
				D49BD5C62C2C67DB00FD313C /* SpriteKitView.swift */,
			);
			path = View;
			sourceTree = "<group>";
		};
		D4DE8B362C29DED30075F4B7 /* PhysicsBody */ = {
			isa = PBXGroup;
			children = (
				D4A621AA2C2917CA00C3F89A /* PhysicsBodyView.swift */,
				D4DE8B322C29D4280075F4B7 /* PhysicsBodyCategoriesView.swift */,
			);
			path = PhysicsBody;
			sourceTree = "<group>";
		};
		D4DE8B372C29DFBD0075F4B7 /* Actions */ = {
			isa = PBXGroup;
			children = (
				D4A621A32C28CB0300C3F89A /* ActionsTabView.swift */,
				D4D1F09A2C28B47100003163 /* PhysicsActionsTabView.swift */,
				D4D1F0962C28B38100003163 /* SpaceActionsTabView.swift */,
			);
			path = Actions;
			sourceTree = "<group>";
		};
		D4DE8B3A2C29E0010075F4B7 /* OtherPhysics */ = {
			isa = PBXGroup;
			children = (
				D4DE8B3B2C29E0990075F4B7 /* PhysicsFieldView.swift */,
				D49BD4FA2C2A7E8400FD313C /* PhysicsJointView.swift */,
				D4A621A82C29172D00C3F89A /* PhysicsTabView.swift */,
				D4A621A52C28E45D00C3F89A /* PhysicsWorldView.swift */,
			);
			path = OtherPhysics;
			sourceTree = "<group>";
		};
		D4EC5E4F2C2DC8FE00E20EC7 /* StateObject */ = {
			isa = PBXGroup;
			children = (
				D4EC5E502C2DC91C00E20EC7 /* CommandSelection.swift */,
				D4EC5E542C2DE4E300E20EC7 /* EntityActionsPublisher.swift */,
				D4EC5E5C2C2DEC1700E20EC7 /* EntitySelectionState.swift */,
				D4DE8B402C29E6440075F4B7 /* PhysicsBodyState.swift */,
				D4EC5E582C2DE7E100E20EC7 /* PhysicsFieldState.swift */,
				D4EC5E5A2C2DE9E100E20EC7 /* PhysicsMaskCategories.swift */,
				D4EC5E5E2C2DED3B00E20EC7 /* PhysicsWorldState.swift */,
				D4D1F0852C27BFF300003163 /* PlaygroundState.swift */,
				D4EC5E562C2DE70900E20EC7 /* SpaceActionsState.swift */,
			);
			path = StateObject;
			sourceTree = "<group>";
		};
/* End PBXGroup section */

/* Begin PBXNativeTarget section */
		D4D1F0622C27BA8800003163 /* Ingot */ = {
			isa = PBXNativeTarget;
			buildConfigurationList = D4D1F0722C27BA8900003163 /* Build configuration list for PBXNativeTarget "Ingot" */;
			buildPhases = (
				D4D1F05F2C27BA8800003163 /* Sources */,
				D4D1F0602C27BA8800003163 /* Frameworks */,
				D4D1F0612C27BA8800003163 /* Resources */,
			);
			buildRules = (
			);
			dependencies = (
			);
			name = Ingot;
			productName = Ingot;
			productReference = D4D1F0632C27BA8800003163 /* Ingot.app */;
			productType = "com.apple.product-type.application";
		};
/* End PBXNativeTarget section */

/* Begin PBXProject section */
		D4D1F05B2C27BA8800003163 /* Project object */ = {
			isa = PBXProject;
			attributes = {
				BuildIndependentTargetsInParallel = 1;
				LastSwiftUpdateCheck = 1540;
				LastUpgradeCheck = 1540;
				TargetAttributes = {
					D4D1F0622C27BA8800003163 = {
						CreatedOnToolsVersion = 15.4;
					};
				};
			};
			buildConfigurationList = D4D1F05E2C27BA8800003163 /* Build configuration list for PBXProject "Ingot" */;
			compatibilityVersion = "Xcode 14.0";
			developmentRegion = en;
			hasScannedForEncodings = 0;
			knownRegions = (
				en,
				Base,
			);
			mainGroup = D4D1F05A2C27BA8800003163;
			productRefGroup = D4D1F0642C27BA8800003163 /* Products */;
			projectDirPath = "";
			projectRoot = "";
			targets = (
				D4D1F0622C27BA8800003163 /* Ingot */,
			);
		};
/* End PBXProject section */

/* Begin PBXResourcesBuildPhase section */
		D4D1F0612C27BA8800003163 /* Resources */ = {
			isa = PBXResourcesBuildPhase;
			buildActionMask = 2147483647;
			files = (
				D49BD5932C2BA92000FD313C /* Sprites in Resources */,
				D49BD59B2C2C10D800FD313C /* Assets.xcassets in Resources */,
				D4D1F06E2C27BA8900003163 /* Preview Assets.xcassets in Resources */,
			);
			runOnlyForDeploymentPostprocessing = 0;
		};
/* End PBXResourcesBuildPhase section */

/* Begin PBXSourcesBuildPhase section */
		D4D1F05F2C27BA8800003163 /* Sources */ = {
			isa = PBXSourcesBuildPhase;
			buildActionMask = 2147483647;
			files = (
				D49BD5B32C2C4B4100FD313C /* SelectionHalo.swift in Sources */,
				D4D1F08A2C27C4BF00003163 /* TorqueActionTokenView.swift in Sources */,
				D4D1F07B2C27BB2D00003163 /* MoveActionTokenView.swift in Sources */,
				D49BD5C72C2C67DB00FD313C /* SpriteKitView.swift in Sources */,
				D49BD5C12C2C628200FD313C /* Vertex.swift in Sources */,
				D4D1F0812C27BF7500003163 /* ActionTokensScrollView.swift in Sources */,
				D4D1F0782C27BAF900003163 /* Utility.swift in Sources */,
				D4EC5E612C2DF84600E20EC7 /* GameController+Click.swift in Sources */,
				D49BD4FB2C2A7E8400FD313C /* PhysicsJointView.swift in Sources */,
				D49BD4FF2C2B218900FD313C /* CommandView.swift in Sources */,
				D49BD5AC2C2C3EAA00FD313C /* GameControllerTestView.swift in Sources */,
				D49BD5DA2C2C9A8A00FD313C /* PlaygroundStatusView.swift in Sources */,
				D4EC5E5B2C2DE9E100E20EC7 /* PhysicsMaskCategories.swift in Sources */,
				D4EC5E5D2C2DEC1700E20EC7 /* EntitySelectionState.swift in Sources */,
				D4D1F0972C28B38100003163 /* SpaceActionsTabView.swift in Sources */,
				D4EC5E5F2C2DED3B00E20EC7 /* PhysicsWorldState.swift in Sources */,
				D49BD5B82C2C4CCB00FD313C /* Gremlin.swift in Sources */,
				D4DE8B432C2A25060075F4B7 /* CheckboxPicker.swift in Sources */,
				D49BD5B42C2C4B4100FD313C /* SelectionHaloRS.swift in Sources */,
				D4A621AD2C29184600C3F89A /* BasicScalarSlider.swift in Sources */,
				D4D1F0692C27BA8800003163 /* ContentView.swift in Sources */,
				D49BD5D62C2C698F00FD313C /* GameController+Drag.swift in Sources */,
				D4A621A62C28E45D00C3F89A /* PhysicsWorldView.swift in Sources */,
				D49BD5D22C2C683700FD313C /* MouseDispatch.swift in Sources */,
				D4D1F0922C28A15200003163 /* Slider2DView.swift in Sources */,
				D4A621A92C29172D00C3F89A /* PhysicsTabView.swift in Sources */,
				D49BD5CB2C2C682B00FD313C /* GameScene+Mouse.swift in Sources */,
				D4EC5E552C2DE4E300E20EC7 /* EntityActionsPublisher.swift in Sources */,
				D4D1F0862C27BFF300003163 /* PlaygroundState.swift in Sources */,
				D49BD5C52C2C66C300FD313C /* Joint.swift in Sources */,
				D4D1F07D2C27BBDE00003163 /* RotateActionTokenView.swift in Sources */,
				D49BD5D42C2C684400FD313C /* SelectionMarquee.swift in Sources */,
				D4D1F09B2C28B47100003163 /* PhysicsActionsTabView.swift in Sources */,
				D4A621AB2C2917CA00C3F89A /* PhysicsBodyView.swift in Sources */,
				D4A621A42C28CB0300C3F89A /* ActionsTabView.swift in Sources */,
				D49BD5AF2C2C40FC00FD313C /* GameEntity.swift in Sources */,
				D4DE8B332C29D4280075F4B7 /* PhysicsBodyCategoriesView.swift in Sources */,
				D4D1F0762C27BAE700003163 /* ActionTokenView.swift in Sources */,
				D4D1F0882C27C4B400003163 /* ForceActionTokenView.swift in Sources */,
				D4EC5E592C2DE7E100E20EC7 /* PhysicsFieldState.swift in Sources */,
				D49BD5C92C2C682500FD313C /* GameScene.swift in Sources */,
				D49BD5D82C2C69C700FD313C /* GameController+Select.swift in Sources */,
				D46584E62C2CD73800BC19E7 /* ConfigurationTabView.swift in Sources */,
				D4DE8B412C29E6440075F4B7 /* PhysicsBodyState.swift in Sources */,
				D49BD5BF2C2C602200FD313C /* Waypoint.swift in Sources */,
				D4EC5E572C2DE70900E20EC7 /* SpaceActionsState.swift in Sources */,
				D4DE8B3C2C29E0990075F4B7 /* PhysicsFieldView.swift in Sources */,
				D49BD5BB2C2C4D8900FD313C /* SKNode+Extensions.swift in Sources */,
				D4D1F08C2C27C4C800003163 /* ImpulseActionTokenView.swift in Sources */,
				D49BD5C32C2C645500FD313C /* Field.swift in Sources */,
				D4D1F0842C27BFBE00003163 /* ActionToken.swift in Sources */,
				D49BD5D02C2C683700FD313C /* ClickDispatch.swift in Sources */,
				D4D1F0992C28B3D600003163 /* GameController.swift in Sources */,
				D4D1F0672C27BA8800003163 /* IngotApp.swift in Sources */,
				D49BD5D12C2C683700FD313C /* DragDispatch.swift in Sources */,
				D4D1F0942C28A2FE00003163 /* CoreGraphics+Extensions.swift in Sources */,
				D4EC5E532C2DC9F300E20EC7 /* DashboardView.swift in Sources */,
				D4D1F07F2C27BD7300003163 /* ScaleActionTokenView.swift in Sources */,
				D4EC5E512C2DC91C00E20EC7 /* CommandSelection.swift in Sources */,
				D4D1F08E2C27C4D500003163 /* AngularImpulseActionTokenView.swift in Sources */,
				D49BD5B62C2C4B8800FD313C /* GameEntitySprite.swift in Sources */,
			);
			runOnlyForDeploymentPostprocessing = 0;
		};
/* End PBXSourcesBuildPhase section */

/* Begin XCBuildConfiguration section */
		D4D1F0702C27BA8900003163 /* Debug */ = {
			isa = XCBuildConfiguration;
			buildSettings = {
				ALWAYS_SEARCH_USER_PATHS = NO;
				ASSETCATALOG_COMPILER_GENERATE_SWIFT_ASSET_SYMBOL_EXTENSIONS = YES;
				CLANG_ANALYZER_NONNULL = YES;
				CLANG_ANALYZER_NUMBER_OBJECT_CONVERSION = YES_AGGRESSIVE;
				CLANG_CXX_LANGUAGE_STANDARD = "gnu++20";
				CLANG_ENABLE_MODULES = YES;
				CLANG_ENABLE_OBJC_ARC = YES;
				CLANG_ENABLE_OBJC_WEAK = YES;
				CLANG_WARN_BLOCK_CAPTURE_AUTORELEASING = YES;
				CLANG_WARN_BOOL_CONVERSION = YES;
				CLANG_WARN_COMMA = YES;
				CLANG_WARN_CONSTANT_CONVERSION = YES;
				CLANG_WARN_DEPRECATED_OBJC_IMPLEMENTATIONS = YES;
				CLANG_WARN_DIRECT_OBJC_ISA_USAGE = YES_ERROR;
				CLANG_WARN_DOCUMENTATION_COMMENTS = YES;
				CLANG_WARN_EMPTY_BODY = YES;
				CLANG_WARN_ENUM_CONVERSION = YES;
				CLANG_WARN_INFINITE_RECURSION = YES;
				CLANG_WARN_INT_CONVERSION = YES;
				CLANG_WARN_NON_LITERAL_NULL_CONVERSION = YES;
				CLANG_WARN_OBJC_IMPLICIT_RETAIN_SELF = YES;
				CLANG_WARN_OBJC_LITERAL_CONVERSION = YES;
				CLANG_WARN_OBJC_ROOT_CLASS = YES_ERROR;
				CLANG_WARN_QUOTED_INCLUDE_IN_FRAMEWORK_HEADER = YES;
				CLANG_WARN_RANGE_LOOP_ANALYSIS = YES;
				CLANG_WARN_STRICT_PROTOTYPES = YES;
				CLANG_WARN_SUSPICIOUS_MOVE = YES;
				CLANG_WARN_UNGUARDED_AVAILABILITY = YES_AGGRESSIVE;
				CLANG_WARN_UNREACHABLE_CODE = YES;
				CLANG_WARN__DUPLICATE_METHOD_MATCH = YES;
				COPY_PHASE_STRIP = NO;
				DEBUG_INFORMATION_FORMAT = dwarf;
				ENABLE_STRICT_OBJC_MSGSEND = YES;
				ENABLE_TESTABILITY = YES;
				ENABLE_USER_SCRIPT_SANDBOXING = YES;
				GCC_C_LANGUAGE_STANDARD = gnu17;
				GCC_DYNAMIC_NO_PIC = NO;
				GCC_NO_COMMON_BLOCKS = YES;
				GCC_OPTIMIZATION_LEVEL = 0;
				GCC_PREPROCESSOR_DEFINITIONS = (
					"DEBUG=1",
					"$(inherited)",
				);
				GCC_WARN_64_TO_32_BIT_CONVERSION = YES;
				GCC_WARN_ABOUT_RETURN_TYPE = YES_ERROR;
				GCC_WARN_UNDECLARED_SELECTOR = YES;
				GCC_WARN_UNINITIALIZED_AUTOS = YES_AGGRESSIVE;
				GCC_WARN_UNUSED_FUNCTION = YES;
				GCC_WARN_UNUSED_VARIABLE = YES;
				LOCALIZATION_PREFERS_STRING_CATALOGS = YES;
				MACOSX_DEPLOYMENT_TARGET = 14.5;
				MTL_ENABLE_DEBUG_INFO = INCLUDE_SOURCE;
				MTL_FAST_MATH = YES;
				ONLY_ACTIVE_ARCH = YES;
				SDKROOT = macosx;
				SWIFT_ACTIVE_COMPILATION_CONDITIONS = "DEBUG $(inherited)";
				SWIFT_OPTIMIZATION_LEVEL = "-Onone";
			};
			name = Debug;
		};
		D4D1F0712C27BA8900003163 /* Release */ = {
			isa = XCBuildConfiguration;
			buildSettings = {
				ALWAYS_SEARCH_USER_PATHS = NO;
				ASSETCATALOG_COMPILER_GENERATE_SWIFT_ASSET_SYMBOL_EXTENSIONS = YES;
				CLANG_ANALYZER_NONNULL = YES;
				CLANG_ANALYZER_NUMBER_OBJECT_CONVERSION = YES_AGGRESSIVE;
				CLANG_CXX_LANGUAGE_STANDARD = "gnu++20";
				CLANG_ENABLE_MODULES = YES;
				CLANG_ENABLE_OBJC_ARC = YES;
				CLANG_ENABLE_OBJC_WEAK = YES;
				CLANG_WARN_BLOCK_CAPTURE_AUTORELEASING = YES;
				CLANG_WARN_BOOL_CONVERSION = YES;
				CLANG_WARN_COMMA = YES;
				CLANG_WARN_CONSTANT_CONVERSION = YES;
				CLANG_WARN_DEPRECATED_OBJC_IMPLEMENTATIONS = YES;
				CLANG_WARN_DIRECT_OBJC_ISA_USAGE = YES_ERROR;
				CLANG_WARN_DOCUMENTATION_COMMENTS = YES;
				CLANG_WARN_EMPTY_BODY = YES;
				CLANG_WARN_ENUM_CONVERSION = YES;
				CLANG_WARN_INFINITE_RECURSION = YES;
				CLANG_WARN_INT_CONVERSION = YES;
				CLANG_WARN_NON_LITERAL_NULL_CONVERSION = YES;
				CLANG_WARN_OBJC_IMPLICIT_RETAIN_SELF = YES;
				CLANG_WARN_OBJC_LITERAL_CONVERSION = YES;
				CLANG_WARN_OBJC_ROOT_CLASS = YES_ERROR;
				CLANG_WARN_QUOTED_INCLUDE_IN_FRAMEWORK_HEADER = YES;
				CLANG_WARN_RANGE_LOOP_ANALYSIS = YES;
				CLANG_WARN_STRICT_PROTOTYPES = YES;
				CLANG_WARN_SUSPICIOUS_MOVE = YES;
				CLANG_WARN_UNGUARDED_AVAILABILITY = YES_AGGRESSIVE;
				CLANG_WARN_UNREACHABLE_CODE = YES;
				CLANG_WARN__DUPLICATE_METHOD_MATCH = YES;
				COPY_PHASE_STRIP = NO;
				DEBUG_INFORMATION_FORMAT = "dwarf-with-dsym";
				ENABLE_NS_ASSERTIONS = NO;
				ENABLE_STRICT_OBJC_MSGSEND = YES;
				ENABLE_USER_SCRIPT_SANDBOXING = YES;
				GCC_C_LANGUAGE_STANDARD = gnu17;
				GCC_NO_COMMON_BLOCKS = YES;
				GCC_WARN_64_TO_32_BIT_CONVERSION = YES;
				GCC_WARN_ABOUT_RETURN_TYPE = YES_ERROR;
				GCC_WARN_UNDECLARED_SELECTOR = YES;
				GCC_WARN_UNINITIALIZED_AUTOS = YES_AGGRESSIVE;
				GCC_WARN_UNUSED_FUNCTION = YES;
				GCC_WARN_UNUSED_VARIABLE = YES;
				LOCALIZATION_PREFERS_STRING_CATALOGS = YES;
				MACOSX_DEPLOYMENT_TARGET = 14.5;
				MTL_ENABLE_DEBUG_INFO = NO;
				MTL_FAST_MATH = YES;
				SDKROOT = macosx;
				SWIFT_COMPILATION_MODE = wholemodule;
			};
			name = Release;
		};
		D4D1F0732C27BA8900003163 /* Debug */ = {
			isa = XCBuildConfiguration;
			buildSettings = {
				ASSETCATALOG_COMPILER_APPICON_NAME = AppIcon;
				ASSETCATALOG_COMPILER_GLOBAL_ACCENT_COLOR_NAME = AccentColor;
				CODE_SIGN_ENTITLEMENTS = Ingot/Ingot.entitlements;
				CODE_SIGN_STYLE = Automatic;
				COMBINE_HIDPI_IMAGES = YES;
				CURRENT_PROJECT_VERSION = 1;
				DEVELOPMENT_ASSET_PATHS = "\"Ingot/Preview Content\"";
				DEVELOPMENT_TEAM = DD983V4X84;
				ENABLE_HARDENED_RUNTIME = YES;
				ENABLE_PREVIEWS = YES;
				GENERATE_INFOPLIST_FILE = YES;
				INFOPLIST_KEY_NSHumanReadableCopyright = "";
				LD_RUNPATH_SEARCH_PATHS = (
					"$(inherited)",
					"@executable_path/../Frameworks",
				);
				MARKETING_VERSION = 1.0;
				PRODUCT_BUNDLE_IDENTIFIER = com.saganritual.Ingot;
				PRODUCT_NAME = "$(TARGET_NAME)";
				SWIFT_EMIT_LOC_STRINGS = YES;
				SWIFT_VERSION = 5.0;
			};
			name = Debug;
		};
		D4D1F0742C27BA8900003163 /* Release */ = {
			isa = XCBuildConfiguration;
			buildSettings = {
				ASSETCATALOG_COMPILER_APPICON_NAME = AppIcon;
				ASSETCATALOG_COMPILER_GLOBAL_ACCENT_COLOR_NAME = AccentColor;
				CODE_SIGN_ENTITLEMENTS = Ingot/Ingot.entitlements;
				CODE_SIGN_STYLE = Automatic;
				COMBINE_HIDPI_IMAGES = YES;
				CURRENT_PROJECT_VERSION = 1;
				DEVELOPMENT_ASSET_PATHS = "\"Ingot/Preview Content\"";
				DEVELOPMENT_TEAM = DD983V4X84;
				ENABLE_HARDENED_RUNTIME = YES;
				ENABLE_PREVIEWS = YES;
				GENERATE_INFOPLIST_FILE = YES;
				INFOPLIST_KEY_NSHumanReadableCopyright = "";
				LD_RUNPATH_SEARCH_PATHS = (
					"$(inherited)",
					"@executable_path/../Frameworks",
				);
				MARKETING_VERSION = 1.0;
				PRODUCT_BUNDLE_IDENTIFIER = com.saganritual.Ingot;
				PRODUCT_NAME = "$(TARGET_NAME)";
				SWIFT_EMIT_LOC_STRINGS = YES;
				SWIFT_VERSION = 5.0;
			};
			name = Release;
		};
/* End XCBuildConfiguration section */

/* Begin XCConfigurationList section */
		D4D1F05E2C27BA8800003163 /* Build configuration list for PBXProject "Ingot" */ = {
			isa = XCConfigurationList;
			buildConfigurations = (
				D4D1F0702C27BA8900003163 /* Debug */,
				D4D1F0712C27BA8900003163 /* Release */,
			);
			defaultConfigurationIsVisible = 0;
			defaultConfigurationName = Release;
		};
		D4D1F0722C27BA8900003163 /* Build configuration list for PBXNativeTarget "Ingot" */ = {
			isa = XCConfigurationList;
			buildConfigurations = (
				D4D1F0732C27BA8900003163 /* Debug */,
				D4D1F0742C27BA8900003163 /* Release */,
			);
			defaultConfigurationIsVisible = 0;
			defaultConfigurationName = Release;
		};
/* End XCConfigurationList section */
	};
	rootObject = D4D1F05B2C27BA8800003163 /* Project object */;
}
